// !$*UTF8*$!
{
	archiveVersion = 1;
	classes = {
	};
	objectVersion = 46;
	objects = {

/* Begin PBXBuildFile section */
		23FAAC23B313EE8EFABF932C /* libPods-YJBannerViewDemo.a in Frameworks */ = {isa = PBXBuildFile; fileRef = 96AA199FCEA414F0C96AB43E /* libPods-YJBannerViewDemo.a */; };
		631C281F1ED55D3B00F31057 /* main.m in Sources */ = {isa = PBXBuildFile; fileRef = 631C281E1ED55D3B00F31057 /* main.m */; };
		631C28221ED55D3B00F31057 /* AppDelegate.m in Sources */ = {isa = PBXBuildFile; fileRef = 631C28211ED55D3B00F31057 /* AppDelegate.m */; };
		631C28281ED55D3B00F31057 /* Main.storyboard in Resources */ = {isa = PBXBuildFile; fileRef = 631C28261ED55D3B00F31057 /* Main.storyboard */; };
		631C282A1ED55D3B00F31057 /* Assets.xcassets in Resources */ = {isa = PBXBuildFile; fileRef = 631C28291ED55D3B00F31057 /* Assets.xcassets */; };
		631C282D1ED55D3B00F31057 /* LaunchScreen.storyboard in Resources */ = {isa = PBXBuildFile; fileRef = 631C282B1ED55D3B00F31057 /* LaunchScreen.storyboard */; };
		631C28361ED55E7500F31057 /* MainViewController.m in Sources */ = {isa = PBXBuildFile; fileRef = 631C28351ED55E7500F31057 /* MainViewController.m */; };
		631DED321FB1B0EA00C22606 /* DynamicBgViewController.m in Sources */ = {isa = PBXBuildFile; fileRef = 631DED311FB1B0EA00C22606 /* DynamicBgViewController.m */; };
		631ECE3D1F272DA600ED0D14 /* DetailViewController.m in Sources */ = {isa = PBXBuildFile; fileRef = 631ECE3B1F272DA600ED0D14 /* DetailViewController.m */; };
		631ECE431F28602100ED0D14 /* MainViewModel.m in Sources */ = {isa = PBXBuildFile; fileRef = 631ECE411F28602100ED0D14 /* MainViewModel.m */; };
		631FD8E51FEB51D400673F75 /* pageControlS@2x.png in Resources */ = {isa = PBXBuildFile; fileRef = 631FD8E11FEB51D300673F75 /* pageControlS@2x.png */; };
		631FD8E61FEB51D400673F75 /* pageControlN@2x.png in Resources */ = {isa = PBXBuildFile; fileRef = 631FD8E21FEB51D300673F75 /* pageControlN@2x.png */; };
		631FD8E71FEB51D400673F75 /* pageControlS@3x.png in Resources */ = {isa = PBXBuildFile; fileRef = 631FD8E31FEB51D300673F75 /* pageControlS@3x.png */; };
		631FD8E81FEB51D400673F75 /* pageControlN@3x.png in Resources */ = {isa = PBXBuildFile; fileRef = 631FD8E41FEB51D400673F75 /* pageControlN@3x.png */; };
		63373A3D2005DB5400163A83 /* vediobgImage.png in Resources */ = {isa = PBXBuildFile; fileRef = 63373A3C2005DB5400163A83 /* vediobgImage.png */; };
		63373C172004963900F0340C /* avdemo01.mp4 in Resources */ = {isa = PBXBuildFile; fileRef = 63373C162004963800F0340C /* avdemo01.mp4 */; };
		635E7F2F1EE5657600EF8405 /* banner_Current@2x.png in Resources */ = {isa = PBXBuildFile; fileRef = 635E7F2B1EE5657600EF8405 /* banner_Current@2x.png */; };
		635E7F301EE5657600EF8405 /* banner_Current@3x.png in Resources */ = {isa = PBXBuildFile; fileRef = 635E7F2C1EE5657600EF8405 /* banner_Current@3x.png */; };
		635E7F311EE5657600EF8405 /* banner_Normal@2x.png in Resources */ = {isa = PBXBuildFile; fileRef = 635E7F2D1EE5657600EF8405 /* banner_Normal@2x.png */; };
		635E7F321EE5657600EF8405 /* banner_Normal@3x.png in Resources */ = {isa = PBXBuildFile; fileRef = 635E7F2E1EE5657600EF8405 /* banner_Normal@3x.png */; };
		637F33DD20046E4200DAEFE7 /* YJCustomViewB.m in Sources */ = {isa = PBXBuildFile; fileRef = 637F33DC20046E4200DAEFE7 /* YJCustomViewB.m */; };
		638CAEC91F28A55B00CE5E99 /* bannerView3.gif in Resources */ = {isa = PBXBuildFile; fileRef = 638CAEC81F28A55B00CE5E99 /* bannerView3.gif */; };
		638D31BF1F7F4C760052566B /* UIImage+YJBannerView.m in Sources */ = {isa = PBXBuildFile; fileRef = 638D31BD1F7F4C760052566B /* UIImage+YJBannerView.m */; };
		638D31C41F7F6D870052566B /* NSArray+YJBannerView.m in Sources */ = {isa = PBXBuildFile; fileRef = 638D31C21F7F6D870052566B /* NSArray+YJBannerView.m */; };
		63A34CC8200DE5E100522115 /* iPhoneDefault.png in Resources */ = {isa = PBXBuildFile; fileRef = 63A34CC7200DE5E000522115 /* iPhoneDefault.png */; };
		63A991A61F25C58B005333B7 /* placeholder@2x.png in Resources */ = {isa = PBXBuildFile; fileRef = 63A991A51F25C58B005333B7 /* placeholder@2x.png */; };
		63A991AB1F25CB0B005333B7 /* HeadLinesCell.m in Sources */ = {isa = PBXBuildFile; fileRef = 63A991A91F25CB0B005333B7 /* HeadLinesCell.m */; };
		63AA16B72010662A004BB8A3 /* YJAbstractDotView.m in Sources */ = {isa = PBXBuildFile; fileRef = 63AA16A22010662A004BB8A3 /* YJAbstractDotView.m */; };
		63AA16B82010662A004BB8A3 /* YJAnimatedDotView.m in Sources */ = {isa = PBXBuildFile; fileRef = 63AA16A42010662A004BB8A3 /* YJAnimatedDotView.m */; };
		63AA16BA2010662A004BB8A3 /* YJHollowPageControl.m in Sources */ = {isa = PBXBuildFile; fileRef = 63AA16A82010662A004BB8A3 /* YJHollowPageControl.m */; };
		63AA16BB2010662A004BB8A3 /* YJBannerView.bundle in Resources */ = {isa = PBXBuildFile; fileRef = 63AA16AA2010662A004BB8A3 /* YJBannerView.bundle */; };
		63AA16BC2010662A004BB8A3 /* UIView+YJBannerViewExt.m in Sources */ = {isa = PBXBuildFile; fileRef = 63AA16AD2010662A004BB8A3 /* UIView+YJBannerViewExt.m */; };
		63AA16BD2010662A004BB8A3 /* YJBannerViewCell.m in Sources */ = {isa = PBXBuildFile; fileRef = 63AA16B02010662A004BB8A3 /* YJBannerViewCell.m */; };
		63AA16BE2010662A004BB8A3 /* YJBannerViewCollectionView.m in Sources */ = {isa = PBXBuildFile; fileRef = 63AA16B22010662A004BB8A3 /* YJBannerViewCollectionView.m */; };
		63AA16BF2010662A004BB8A3 /* YJBannerViewFooter.m in Sources */ = {isa = PBXBuildFile; fileRef = 63AA16B42010662A004BB8A3 /* YJBannerViewFooter.m */; };
		63AA16C02010662A004BB8A3 /* YJBannerView.m in Sources */ = {isa = PBXBuildFile; fileRef = 63AA16B62010662A004BB8A3 /* YJBannerView.m */; };
		63ADB84820045AC9008B02EB /* YJCustomView.m in Sources */ = {isa = PBXBuildFile; fileRef = 63ADB84720045AC9008B02EB /* YJCustomView.m */; };
		63B633852005C3D800950DB4 /* video_list_cell_big_icon.png in Resources */ = {isa = PBXBuildFile; fileRef = 63B633842005C3D800950DB4 /* video_list_cell_big_icon.png */; };
		63B7411C1ED6A1D200D9A282 /* pageControlCurrentDot@2x.png in Resources */ = {isa = PBXBuildFile; fileRef = 63B741181ED6A1D200D9A282 /* pageControlCurrentDot@2x.png */; };
		63B7411D1ED6A1D200D9A282 /* pageControlCurrentDot@3x.png in Resources */ = {isa = PBXBuildFile; fileRef = 63B741191ED6A1D200D9A282 /* pageControlCurrentDot@3x.png */; };
		63B7411E1ED6A1D200D9A282 /* pageControlDot@2x.png in Resources */ = {isa = PBXBuildFile; fileRef = 63B7411A1ED6A1D200D9A282 /* pageControlDot@2x.png */; };
		63B7411F1ED6A1D200D9A282 /* pageControlDot@3x.png in Resources */ = {isa = PBXBuildFile; fileRef = 63B7411B1ED6A1D200D9A282 /* pageControlDot@3x.png */; };
		63CA832D20087AF600E7CB36 /* YJCustomGapCell.m in Sources */ = {isa = PBXBuildFile; fileRef = 63CA832C20087AF600E7CB36 /* YJCustomGapCell.m */; };
		63CA833020087BF900E7CB36 /* UIImageView+YJBannerView.m in Sources */ = {isa = PBXBuildFile; fileRef = 63CA832F20087BF900E7CB36 /* UIImageView+YJBannerView.m */; };
/* End PBXBuildFile section */

/* Begin PBXFileReference section */
		031719509DF64E8623B4EA8B /* Pods-YJBannerViewDemo.debug.xcconfig */ = {isa = PBXFileReference; includeInIndex = 1; lastKnownFileType = text.xcconfig; name = "Pods-YJBannerViewDemo.debug.xcconfig"; path = "Pods/Target Support Files/Pods-YJBannerViewDemo/Pods-YJBannerViewDemo.debug.xcconfig"; sourceTree = "<group>"; };
		6307D7381F0A389000CF1EAD /* YJBannerView.framework */ = {isa = PBXFileReference; explicitFileType = wrapper.framework; includeInIndex = 0; path = YJBannerView.framework; sourceTree = BUILT_PRODUCTS_DIR; };
		6307D73A1F0A389000CF1EAD /* YJBannerViewFramework.h */ = {isa = PBXFileReference; lastKnownFileType = sourcecode.c.h; path = YJBannerViewFramework.h; sourceTree = "<group>"; };
		6307D73B1F0A389000CF1EAD /* Info.plist */ = {isa = PBXFileReference; lastKnownFileType = text.plist.xml; path = Info.plist; sourceTree = "<group>"; };
		631C281A1ED55D3B00F31057 /* YJBannerViewDemo.app */ = {isa = PBXFileReference; explicitFileType = wrapper.application; includeInIndex = 0; path = YJBannerViewDemo.app; sourceTree = BUILT_PRODUCTS_DIR; };
		631C281E1ED55D3B00F31057 /* main.m */ = {isa = PBXFileReference; lastKnownFileType = sourcecode.c.objc; path = main.m; sourceTree = "<group>"; };
		631C28201ED55D3B00F31057 /* AppDelegate.h */ = {isa = PBXFileReference; lastKnownFileType = sourcecode.c.h; path = AppDelegate.h; sourceTree = "<group>"; };
		631C28211ED55D3B00F31057 /* AppDelegate.m */ = {isa = PBXFileReference; lastKnownFileType = sourcecode.c.objc; path = AppDelegate.m; sourceTree = "<group>"; };
		631C28271ED55D3B00F31057 /* Base */ = {isa = PBXFileReference; lastKnownFileType = file.storyboard; name = Base; path = Base.lproj/Main.storyboard; sourceTree = "<group>"; };
		631C28291ED55D3B00F31057 /* Assets.xcassets */ = {isa = PBXFileReference; lastKnownFileType = folder.assetcatalog; path = Assets.xcassets; sourceTree = "<group>"; };
		631C282C1ED55D3B00F31057 /* Base */ = {isa = PBXFileReference; lastKnownFileType = file.storyboard; name = Base; path = Base.lproj/LaunchScreen.storyboard; sourceTree = "<group>"; };
		631C282E1ED55D3B00F31057 /* Info.plist */ = {isa = PBXFileReference; lastKnownFileType = text.plist.xml; path = Info.plist; sourceTree = "<group>"; };
		631C28341ED55E7500F31057 /* MainViewController.h */ = {isa = PBXFileReference; fileEncoding = 4; lastKnownFileType = sourcecode.c.h; path = MainViewController.h; sourceTree = "<group>"; };
		631C28351ED55E7500F31057 /* MainViewController.m */ = {isa = PBXFileReference; fileEncoding = 4; lastKnownFileType = sourcecode.c.objc; path = MainViewController.m; sourceTree = "<group>"; };
		631C28541ED5952800F31057 /* PrefixHeader.pch */ = {isa = PBXFileReference; fileEncoding = 4; lastKnownFileType = sourcecode.c.h; path = PrefixHeader.pch; sourceTree = "<group>"; };
		631DED301FB1B0EA00C22606 /* DynamicBgViewController.h */ = {isa = PBXFileReference; lastKnownFileType = sourcecode.c.h; path = DynamicBgViewController.h; sourceTree = "<group>"; };
		631DED311FB1B0EA00C22606 /* DynamicBgViewController.m */ = {isa = PBXFileReference; lastKnownFileType = sourcecode.c.objc; path = DynamicBgViewController.m; sourceTree = "<group>"; };
		631ECE3A1F272DA600ED0D14 /* DetailViewController.h */ = {isa = PBXFileReference; fileEncoding = 4; lastKnownFileType = sourcecode.c.h; path = DetailViewController.h; sourceTree = "<group>"; };
		631ECE3B1F272DA600ED0D14 /* DetailViewController.m */ = {isa = PBXFileReference; fileEncoding = 4; lastKnownFileType = sourcecode.c.objc; path = DetailViewController.m; sourceTree = "<group>"; };
		631ECE401F28602100ED0D14 /* MainViewModel.h */ = {isa = PBXFileReference; fileEncoding = 4; lastKnownFileType = sourcecode.c.h; path = MainViewModel.h; sourceTree = "<group>"; };
		631ECE411F28602100ED0D14 /* MainViewModel.m */ = {isa = PBXFileReference; fileEncoding = 4; lastKnownFileType = sourcecode.c.objc; path = MainViewModel.m; sourceTree = "<group>"; };
		631FD8E11FEB51D300673F75 /* pageControlS@2x.png */ = {isa = PBXFileReference; lastKnownFileType = image.png; path = "pageControlS@2x.png"; sourceTree = "<group>"; };
		631FD8E21FEB51D300673F75 /* pageControlN@2x.png */ = {isa = PBXFileReference; lastKnownFileType = image.png; path = "pageControlN@2x.png"; sourceTree = "<group>"; };
		631FD8E31FEB51D300673F75 /* pageControlS@3x.png */ = {isa = PBXFileReference; lastKnownFileType = image.png; path = "pageControlS@3x.png"; sourceTree = "<group>"; };
		631FD8E41FEB51D400673F75 /* pageControlN@3x.png */ = {isa = PBXFileReference; lastKnownFileType = image.png; path = "pageControlN@3x.png"; sourceTree = "<group>"; };
		63373A3C2005DB5400163A83 /* vediobgImage.png */ = {isa = PBXFileReference; lastKnownFileType = image.png; path = vediobgImage.png; sourceTree = "<group>"; };
		63373C162004963800F0340C /* avdemo01.mp4 */ = {isa = PBXFileReference; lastKnownFileType = file; path = avdemo01.mp4; sourceTree = "<group>"; };
		635E7F2B1EE5657600EF8405 /* banner_Current@2x.png */ = {isa = PBXFileReference; lastKnownFileType = image.png; path = "banner_Current@2x.png"; sourceTree = "<group>"; };
		635E7F2C1EE5657600EF8405 /* banner_Current@3x.png */ = {isa = PBXFileReference; lastKnownFileType = image.png; path = "banner_Current@3x.png"; sourceTree = "<group>"; };
		635E7F2D1EE5657600EF8405 /* banner_Normal@2x.png */ = {isa = PBXFileReference; lastKnownFileType = image.png; path = "banner_Normal@2x.png"; sourceTree = "<group>"; };
		635E7F2E1EE5657600EF8405 /* banner_Normal@3x.png */ = {isa = PBXFileReference; lastKnownFileType = image.png; path = "banner_Normal@3x.png"; sourceTree = "<group>"; };
		637F33DB20046E4200DAEFE7 /* YJCustomViewB.h */ = {isa = PBXFileReference; lastKnownFileType = sourcecode.c.h; path = YJCustomViewB.h; sourceTree = "<group>"; };
		637F33DC20046E4200DAEFE7 /* YJCustomViewB.m */ = {isa = PBXFileReference; lastKnownFileType = sourcecode.c.objc; path = YJCustomViewB.m; sourceTree = "<group>"; };
		638CAEC81F28A55B00CE5E99 /* bannerView3.gif */ = {isa = PBXFileReference; lastKnownFileType = image.gif; path = bannerView3.gif; sourceTree = "<group>"; };
		638D31BC1F7F4C760052566B /* UIImage+YJBannerView.h */ = {isa = PBXFileReference; lastKnownFileType = sourcecode.c.h; path = "UIImage+YJBannerView.h"; sourceTree = "<group>"; };
		638D31BD1F7F4C760052566B /* UIImage+YJBannerView.m */ = {isa = PBXFileReference; lastKnownFileType = sourcecode.c.objc; path = "UIImage+YJBannerView.m"; sourceTree = "<group>"; };
		638D31C11F7F6D870052566B /* NSArray+YJBannerView.h */ = {isa = PBXFileReference; lastKnownFileType = sourcecode.c.h; path = "NSArray+YJBannerView.h"; sourceTree = "<group>"; };
		638D31C21F7F6D870052566B /* NSArray+YJBannerView.m */ = {isa = PBXFileReference; lastKnownFileType = sourcecode.c.objc; path = "NSArray+YJBannerView.m"; sourceTree = "<group>"; };
		63A34CC7200DE5E000522115 /* iPhoneDefault.png */ = {isa = PBXFileReference; lastKnownFileType = image.png; path = iPhoneDefault.png; sourceTree = "<group>"; };
		63A991A51F25C58B005333B7 /* placeholder@2x.png */ = {isa = PBXFileReference; lastKnownFileType = image.png; path = "placeholder@2x.png"; sourceTree = "<group>"; };
		63A991A81F25CB0B005333B7 /* HeadLinesCell.h */ = {isa = PBXFileReference; fileEncoding = 4; lastKnownFileType = sourcecode.c.h; path = HeadLinesCell.h; sourceTree = "<group>"; };
		63A991A91F25CB0B005333B7 /* HeadLinesCell.m */ = {isa = PBXFileReference; fileEncoding = 4; lastKnownFileType = sourcecode.c.objc; path = HeadLinesCell.m; sourceTree = "<group>"; };
		63AA16A12010662A004BB8A3 /* YJAbstractDotView.h */ = {isa = PBXFileReference; fileEncoding = 4; lastKnownFileType = sourcecode.c.h; path = YJAbstractDotView.h; sourceTree = "<group>"; };
		63AA16A22010662A004BB8A3 /* YJAbstractDotView.m */ = {isa = PBXFileReference; fileEncoding = 4; lastKnownFileType = sourcecode.c.objc; path = YJAbstractDotView.m; sourceTree = "<group>"; };
		63AA16A32010662A004BB8A3 /* YJAnimatedDotView.h */ = {isa = PBXFileReference; fileEncoding = 4; lastKnownFileType = sourcecode.c.h; path = YJAnimatedDotView.h; sourceTree = "<group>"; };
		63AA16A42010662A004BB8A3 /* YJAnimatedDotView.m */ = {isa = PBXFileReference; fileEncoding = 4; lastKnownFileType = sourcecode.c.objc; path = YJAnimatedDotView.m; sourceTree = "<group>"; };
		63AA16A72010662A004BB8A3 /* YJHollowPageControl.h */ = {isa = PBXFileReference; fileEncoding = 4; lastKnownFileType = sourcecode.c.h; path = YJHollowPageControl.h; sourceTree = "<group>"; };
		63AA16A82010662A004BB8A3 /* YJHollowPageControl.m */ = {isa = PBXFileReference; fileEncoding = 4; lastKnownFileType = sourcecode.c.objc; path = YJHollowPageControl.m; sourceTree = "<group>"; };
		63AA16AA2010662A004BB8A3 /* YJBannerView.bundle */ = {isa = PBXFileReference; lastKnownFileType = "wrapper.plug-in"; path = YJBannerView.bundle; sourceTree = "<group>"; };
		63AA16AC2010662A004BB8A3 /* UIView+YJBannerViewExt.h */ = {isa = PBXFileReference; fileEncoding = 4; lastKnownFileType = sourcecode.c.h; path = "UIView+YJBannerViewExt.h"; sourceTree = "<group>"; };
		63AA16AD2010662A004BB8A3 /* UIView+YJBannerViewExt.m */ = {isa = PBXFileReference; fileEncoding = 4; lastKnownFileType = sourcecode.c.objc; path = "UIView+YJBannerViewExt.m"; sourceTree = "<group>"; };
		63AA16AF2010662A004BB8A3 /* YJBannerViewCell.h */ = {isa = PBXFileReference; fileEncoding = 4; lastKnownFileType = sourcecode.c.h; path = YJBannerViewCell.h; sourceTree = "<group>"; };
		63AA16B02010662A004BB8A3 /* YJBannerViewCell.m */ = {isa = PBXFileReference; fileEncoding = 4; lastKnownFileType = sourcecode.c.objc; path = YJBannerViewCell.m; sourceTree = "<group>"; };
		63AA16B12010662A004BB8A3 /* YJBannerViewCollectionView.h */ = {isa = PBXFileReference; fileEncoding = 4; lastKnownFileType = sourcecode.c.h; path = YJBannerViewCollectionView.h; sourceTree = "<group>"; };
		63AA16B22010662A004BB8A3 /* YJBannerViewCollectionView.m */ = {isa = PBXFileReference; fileEncoding = 4; lastKnownFileType = sourcecode.c.objc; path = YJBannerViewCollectionView.m; sourceTree = "<group>"; };
		63AA16B32010662A004BB8A3 /* YJBannerViewFooter.h */ = {isa = PBXFileReference; fileEncoding = 4; lastKnownFileType = sourcecode.c.h; path = YJBannerViewFooter.h; sourceTree = "<group>"; };
		63AA16B42010662A004BB8A3 /* YJBannerViewFooter.m */ = {isa = PBXFileReference; fileEncoding = 4; lastKnownFileType = sourcecode.c.objc; path = YJBannerViewFooter.m; sourceTree = "<group>"; };
		63AA16B52010662A004BB8A3 /* YJBannerView.h */ = {isa = PBXFileReference; fileEncoding = 4; lastKnownFileType = sourcecode.c.h; path = YJBannerView.h; sourceTree = "<group>"; };
		63AA16B62010662A004BB8A3 /* YJBannerView.m */ = {isa = PBXFileReference; fileEncoding = 4; lastKnownFileType = sourcecode.c.objc; path = YJBannerView.m; sourceTree = "<group>"; };
		63ADB84620045AC9008B02EB /* YJCustomView.h */ = {isa = PBXFileReference; lastKnownFileType = sourcecode.c.h; path = YJCustomView.h; sourceTree = "<group>"; };
		63ADB84720045AC9008B02EB /* YJCustomView.m */ = {isa = PBXFileReference; lastKnownFileType = sourcecode.c.objc; path = YJCustomView.m; sourceTree = "<group>"; };
		63B633842005C3D800950DB4 /* video_list_cell_big_icon.png */ = {isa = PBXFileReference; lastKnownFileType = image.png; path = video_list_cell_big_icon.png; sourceTree = "<group>"; };
		63B741181ED6A1D200D9A282 /* pageControlCurrentDot@2x.png */ = {isa = PBXFileReference; lastKnownFileType = image.png; path = "pageControlCurrentDot@2x.png"; sourceTree = "<group>"; };
		63B741191ED6A1D200D9A282 /* pageControlCurrentDot@3x.png */ = {isa = PBXFileReference; lastKnownFileType = image.png; path = "pageControlCurrentDot@3x.png"; sourceTree = "<group>"; };
		63B7411A1ED6A1D200D9A282 /* pageControlDot@2x.png */ = {isa = PBXFileReference; lastKnownFileType = image.png; path = "pageControlDot@2x.png"; sourceTree = "<group>"; };
		63B7411B1ED6A1D200D9A282 /* pageControlDot@3x.png */ = {isa = PBXFileReference; lastKnownFileType = image.png; path = "pageControlDot@3x.png"; sourceTree = "<group>"; };
		63CA832B20087AF600E7CB36 /* YJCustomGapCell.h */ = {isa = PBXFileReference; lastKnownFileType = sourcecode.c.h; path = YJCustomGapCell.h; sourceTree = "<group>"; };
		63CA832C20087AF600E7CB36 /* YJCustomGapCell.m */ = {isa = PBXFileReference; lastKnownFileType = sourcecode.c.objc; path = YJCustomGapCell.m; sourceTree = "<group>"; };
		63CA832E20087BF900E7CB36 /* UIImageView+YJBannerView.h */ = {isa = PBXFileReference; lastKnownFileType = sourcecode.c.h; path = "UIImageView+YJBannerView.h"; sourceTree = "<group>"; };
		63CA832F20087BF900E7CB36 /* UIImageView+YJBannerView.m */ = {isa = PBXFileReference; lastKnownFileType = sourcecode.c.objc; path = "UIImageView+YJBannerView.m"; sourceTree = "<group>"; };
		96AA199FCEA414F0C96AB43E /* libPods-YJBannerViewDemo.a */ = {isa = PBXFileReference; explicitFileType = archive.ar; includeInIndex = 0; path = "libPods-YJBannerViewDemo.a"; sourceTree = BUILT_PRODUCTS_DIR; };
		9D5E6C0798F81F51AC0244AA /* Pods-YJBannerViewDemo.release.xcconfig */ = {isa = PBXFileReference; includeInIndex = 1; lastKnownFileType = text.xcconfig; name = "Pods-YJBannerViewDemo.release.xcconfig"; path = "Pods/Target Support Files/Pods-YJBannerViewDemo/Pods-YJBannerViewDemo.release.xcconfig"; sourceTree = "<group>"; };
/* End PBXFileReference section */

/* Begin PBXFrameworksBuildPhase section */
		6307D7341F0A389000CF1EAD /* Frameworks */ = {
			isa = PBXFrameworksBuildPhase;
			buildActionMask = 2147483647;
			files = (
			);
			runOnlyForDeploymentPostprocessing = 0;
		};
		631C28171ED55D3B00F31057 /* Frameworks */ = {
			isa = PBXFrameworksBuildPhase;
			buildActionMask = 2147483647;
			files = (
				23FAAC23B313EE8EFABF932C /* libPods-YJBannerViewDemo.a in Frameworks */,
			);
			runOnlyForDeploymentPostprocessing = 0;
		};
/* End PBXFrameworksBuildPhase section */

/* Begin PBXGroup section */
		02AE8556712D82BC167622C4 /* Frameworks */ = {
			isa = PBXGroup;
			children = (
				96AA199FCEA414F0C96AB43E /* libPods-YJBannerViewDemo.a */,
			);
			name = Frameworks;
			sourceTree = "<group>";
		};
		6307D7391F0A389000CF1EAD /* YJBannerViewFramework */ = {
			isa = PBXGroup;
			children = (
				6307D73A1F0A389000CF1EAD /* YJBannerViewFramework.h */,
				6307D73B1F0A389000CF1EAD /* Info.plist */,
			);
			path = YJBannerViewFramework;
			sourceTree = "<group>";
		};
		631C28111ED55D3B00F31057 = {
			isa = PBXGroup;
			children = (
				631C281C1ED55D3B00F31057 /* YJBannerViewDemo */,
				6307D7391F0A389000CF1EAD /* YJBannerViewFramework */,
				631C281B1ED55D3B00F31057 /* Products */,
				6AC03DC18FC0A9FC3BFB5F02 /* Pods */,
				02AE8556712D82BC167622C4 /* Frameworks */,
			);
			sourceTree = "<group>";
		};
		631C281B1ED55D3B00F31057 /* Products */ = {
			isa = PBXGroup;
			children = (
				631C281A1ED55D3B00F31057 /* YJBannerViewDemo.app */,
				6307D7381F0A389000CF1EAD /* YJBannerView.framework */,
			);
			name = Products;
			sourceTree = "<group>";
		};
		631C281C1ED55D3B00F31057 /* YJBannerViewDemo */ = {
			isa = PBXGroup;
			children = (
				63AA169E2010662A004BB8A3 /* YJBannerView */,
				638D31BB1F7F4C620052566B /* Categories */,
				631ECE3F1F28600A00ED0D14 /* ViewModel */,
				63938C871F0BA6F4005BD255 /* Views */,
				631C28511ED5947600F31057 /* Resources */,
				631C28201ED55D3B00F31057 /* AppDelegate.h */,
				631C28211ED55D3B00F31057 /* AppDelegate.m */,
				631C28341ED55E7500F31057 /* MainViewController.h */,
				631C28351ED55E7500F31057 /* MainViewController.m */,
				631ECE3A1F272DA600ED0D14 /* DetailViewController.h */,
				631ECE3B1F272DA600ED0D14 /* DetailViewController.m */,
				631DED301FB1B0EA00C22606 /* DynamicBgViewController.h */,
				631DED311FB1B0EA00C22606 /* DynamicBgViewController.m */,
				631C281D1ED55D3B00F31057 /* Supporting Files */,
			);
			path = YJBannerViewDemo;
			sourceTree = "<group>";
		};
		631C281D1ED55D3B00F31057 /* Supporting Files */ = {
			isa = PBXGroup;
			children = (
				631C28261ED55D3B00F31057 /* Main.storyboard */,
				631C28291ED55D3B00F31057 /* Assets.xcassets */,
				631C282B1ED55D3B00F31057 /* LaunchScreen.storyboard */,
				631C282E1ED55D3B00F31057 /* Info.plist */,
				631C281E1ED55D3B00F31057 /* main.m */,
				631C28541ED5952800F31057 /* PrefixHeader.pch */,
			);
			name = "Supporting Files";
			sourceTree = "<group>";
		};
		631C28511ED5947600F31057 /* Resources */ = {
			isa = PBXGroup;
			children = (
				63A34CC7200DE5E000522115 /* iPhoneDefault.png */,
				63373A3C2005DB5400163A83 /* vediobgImage.png */,
				63B633842005C3D800950DB4 /* video_list_cell_big_icon.png */,
				63373C162004963800F0340C /* avdemo01.mp4 */,
				631FD8E21FEB51D300673F75 /* pageControlN@2x.png */,
				631FD8E41FEB51D400673F75 /* pageControlN@3x.png */,
				631FD8E11FEB51D300673F75 /* pageControlS@2x.png */,
				631FD8E31FEB51D300673F75 /* pageControlS@3x.png */,
				638CAEC81F28A55B00CE5E99 /* bannerView3.gif */,
				63A991A51F25C58B005333B7 /* placeholder@2x.png */,
				635E7F2B1EE5657600EF8405 /* banner_Current@2x.png */,
				635E7F2C1EE5657600EF8405 /* banner_Current@3x.png */,
				635E7F2D1EE5657600EF8405 /* banner_Normal@2x.png */,
				635E7F2E1EE5657600EF8405 /* banner_Normal@3x.png */,
				63B741181ED6A1D200D9A282 /* pageControlCurrentDot@2x.png */,
				63B741191ED6A1D200D9A282 /* pageControlCurrentDot@3x.png */,
				63B7411A1ED6A1D200D9A282 /* pageControlDot@2x.png */,
				63B7411B1ED6A1D200D9A282 /* pageControlDot@3x.png */,
			);
			path = Resources;
			sourceTree = "<group>";
		};
		631ECE3F1F28600A00ED0D14 /* ViewModel */ = {
			isa = PBXGroup;
			children = (
				631ECE401F28602100ED0D14 /* MainViewModel.h */,
				631ECE411F28602100ED0D14 /* MainViewModel.m */,
			);
			path = ViewModel;
			sourceTree = "<group>";
		};
		638D31BB1F7F4C620052566B /* Categories */ = {
			isa = PBXGroup;
			children = (
				638D31BC1F7F4C760052566B /* UIImage+YJBannerView.h */,
				638D31BD1F7F4C760052566B /* UIImage+YJBannerView.m */,
				638D31C11F7F6D870052566B /* NSArray+YJBannerView.h */,
				638D31C21F7F6D870052566B /* NSArray+YJBannerView.m */,
				63CA832E20087BF900E7CB36 /* UIImageView+YJBannerView.h */,
				63CA832F20087BF900E7CB36 /* UIImageView+YJBannerView.m */,
			);
			path = Categories;
			sourceTree = "<group>";
		};
		63938C871F0BA6F4005BD255 /* Views */ = {
			isa = PBXGroup;
			children = (
				63A991A81F25CB0B005333B7 /* HeadLinesCell.h */,
				63A991A91F25CB0B005333B7 /* HeadLinesCell.m */,
				63ADB84620045AC9008B02EB /* YJCustomView.h */,
				63ADB84720045AC9008B02EB /* YJCustomView.m */,
				637F33DB20046E4200DAEFE7 /* YJCustomViewB.h */,
				637F33DC20046E4200DAEFE7 /* YJCustomViewB.m */,
				63CA832B20087AF600E7CB36 /* YJCustomGapCell.h */,
				63CA832C20087AF600E7CB36 /* YJCustomGapCell.m */,
			);
			path = Views;
			sourceTree = "<group>";
		};
		63AA169E2010662A004BB8A3 /* YJBannerView */ = {
			isa = PBXGroup;
			children = (
				63AA16B52010662A004BB8A3 /* YJBannerView.h */,
				63AA16B62010662A004BB8A3 /* YJBannerView.m */,
				63AA169F2010662A004BB8A3 /* PageControls */,
				63AA16A92010662A004BB8A3 /* Resource */,
				63AA16AB2010662A004BB8A3 /* Tools */,
				63AA16AE2010662A004BB8A3 /* Views */,
			);
			path = YJBannerView;
			sourceTree = "<group>";
		};
		63AA169F2010662A004BB8A3 /* PageControls */ = {
			isa = PBXGroup;
			children = (
				63AA16A02010662A004BB8A3 /* YJHollowPageControl */,
			);
			path = PageControls;
			sourceTree = "<group>";
		};
		63AA16A02010662A004BB8A3 /* YJHollowPageControl */ = {
			isa = PBXGroup;
			children = (
				63AA16A12010662A004BB8A3 /* YJAbstractDotView.h */,
				63AA16A22010662A004BB8A3 /* YJAbstractDotView.m */,
				63AA16A32010662A004BB8A3 /* YJAnimatedDotView.h */,
				63AA16A42010662A004BB8A3 /* YJAnimatedDotView.m */,
				63AA16A72010662A004BB8A3 /* YJHollowPageControl.h */,
				63AA16A82010662A004BB8A3 /* YJHollowPageControl.m */,
			);
			path = YJHollowPageControl;
			sourceTree = "<group>";
		};
		63AA16A92010662A004BB8A3 /* Resource */ = {
			isa = PBXGroup;
			children = (
				63AA16AA2010662A004BB8A3 /* YJBannerView.bundle */,
			);
			path = Resource;
			sourceTree = "<group>";
		};
		63AA16AB2010662A004BB8A3 /* Tools */ = {
			isa = PBXGroup;
			children = (
				63AA16AC2010662A004BB8A3 /* UIView+YJBannerViewExt.h */,
				63AA16AD2010662A004BB8A3 /* UIView+YJBannerViewExt.m */,
			);
			path = Tools;
			sourceTree = "<group>";
		};
		63AA16AE2010662A004BB8A3 /* Views */ = {
			isa = PBXGroup;
			children = (
				63AA16AF2010662A004BB8A3 /* YJBannerViewCell.h */,
				63AA16B02010662A004BB8A3 /* YJBannerViewCell.m */,
				63AA16B12010662A004BB8A3 /* YJBannerViewCollectionView.h */,
				63AA16B22010662A004BB8A3 /* YJBannerViewCollectionView.m */,
				63AA16B32010662A004BB8A3 /* YJBannerViewFooter.h */,
				63AA16B42010662A004BB8A3 /* YJBannerViewFooter.m */,
			);
			path = Views;
			sourceTree = "<group>";
		};
		6AC03DC18FC0A9FC3BFB5F02 /* Pods */ = {
			isa = PBXGroup;
			children = (
				031719509DF64E8623B4EA8B /* Pods-YJBannerViewDemo.debug.xcconfig */,
				9D5E6C0798F81F51AC0244AA /* Pods-YJBannerViewDemo.release.xcconfig */,
			);
			name = Pods;
			sourceTree = "<group>";
		};
/* End PBXGroup section */

/* Begin PBXHeadersBuildPhase section */
		6307D7351F0A389000CF1EAD /* Headers */ = {
			isa = PBXHeadersBuildPhase;
			buildActionMask = 2147483647;
			files = (
			);
			runOnlyForDeploymentPostprocessing = 0;
		};
/* End PBXHeadersBuildPhase section */

/* Begin PBXNativeTarget section */
		6307D7371F0A389000CF1EAD /* YJBannerViewFramework */ = {
			isa = PBXNativeTarget;
			buildConfigurationList = 6307D7431F0A389000CF1EAD /* Build configuration list for PBXNativeTarget "YJBannerViewFramework" */;
			buildPhases = (
				6307D7331F0A389000CF1EAD /* Sources */,
				6307D7341F0A389000CF1EAD /* Frameworks */,
				6307D7351F0A389000CF1EAD /* Headers */,
				6307D7361F0A389000CF1EAD /* Resources */,
			);
			buildRules = (
			);
			dependencies = (
			);
			name = YJBannerViewFramework;
			productName = YJBannerViewFramework;
			productReference = 6307D7381F0A389000CF1EAD /* YJBannerView.framework */;
			productType = "com.apple.product-type.framework";
		};
		631C28191ED55D3B00F31057 /* YJBannerViewDemo */ = {
			isa = PBXNativeTarget;
			buildConfigurationList = 631C28311ED55D3B00F31057 /* Build configuration list for PBXNativeTarget "YJBannerViewDemo" */;
			buildPhases = (
				DD40E4DB53499FEADA776CBC /* [CP] Check Pods Manifest.lock */,
				631C28161ED55D3B00F31057 /* Sources */,
				631C28171ED55D3B00F31057 /* Frameworks */,
				631C28181ED55D3B00F31057 /* Resources */,
				4B9F942BA6A9DB8C98D7B555 /* [CP] Embed Pods Frameworks */,
				A677284EB908269119F9A43A /* [CP] Copy Pods Resources */,
			);
			buildRules = (
			);
			dependencies = (
			);
			name = YJBannerViewDemo;
			productName = YJBannerViewDemo;
			productReference = 631C281A1ED55D3B00F31057 /* YJBannerViewDemo.app */;
			productType = "com.apple.product-type.application";
		};
/* End PBXNativeTarget section */

/* Begin PBXProject section */
		631C28121ED55D3B00F31057 /* Project object */ = {
			isa = PBXProject;
			attributes = {
				LastUpgradeCheck = 0830;
				ORGANIZATIONNAME = "Address:https://github.com/stackhou  .";
				TargetAttributes = {
					6307D7371F0A389000CF1EAD = {
						CreatedOnToolsVersion = 8.3.3;
						DevelopmentTeam = 33K3DU6932;
						ProvisioningStyle = Automatic;
					};
					631C28191ED55D3B00F31057 = {
						CreatedOnToolsVersion = 8.3.1;
						DevelopmentTeam = 33K3DU6932;
						ProvisioningStyle = Automatic;
					};
				};
			};
			buildConfigurationList = 631C28151ED55D3B00F31057 /* Build configuration list for PBXProject "YJBannerViewDemo" */;
			compatibilityVersion = "Xcode 3.2";
			developmentRegion = English;
			hasScannedForEncodings = 0;
			knownRegions = (
				en,
				Base,
			);
			mainGroup = 631C28111ED55D3B00F31057;
			productRefGroup = 631C281B1ED55D3B00F31057 /* Products */;
			projectDirPath = "";
			projectRoot = "";
			targets = (
				631C28191ED55D3B00F31057 /* YJBannerViewDemo */,
				6307D7371F0A389000CF1EAD /* YJBannerViewFramework */,
			);
		};
/* End PBXProject section */

/* Begin PBXResourcesBuildPhase section */
		6307D7361F0A389000CF1EAD /* Resources */ = {
			isa = PBXResourcesBuildPhase;
			buildActionMask = 2147483647;
			files = (
			);
			runOnlyForDeploymentPostprocessing = 0;
		};
		631C28181ED55D3B00F31057 /* Resources */ = {
			isa = PBXResourcesBuildPhase;
			buildActionMask = 2147483647;
			files = (
				63B7411F1ED6A1D200D9A282 /* pageControlDot@3x.png in Resources */,
				631FD8E51FEB51D400673F75 /* pageControlS@2x.png in Resources */,
				63B7411E1ED6A1D200D9A282 /* pageControlDot@2x.png in Resources */,
				63373A3D2005DB5400163A83 /* vediobgImage.png in Resources */,
				631FD8E81FEB51D400673F75 /* pageControlN@3x.png in Resources */,
				631C282D1ED55D3B00F31057 /* LaunchScreen.storyboard in Resources */,
				631FD8E71FEB51D400673F75 /* pageControlS@3x.png in Resources */,
				631C282A1ED55D3B00F31057 /* Assets.xcassets in Resources */,
				635E7F321EE5657600EF8405 /* banner_Normal@3x.png in Resources */,
				63AA16BB2010662A004BB8A3 /* YJBannerView.bundle in Resources */,
				638CAEC91F28A55B00CE5E99 /* bannerView3.gif in Resources */,
				635E7F301EE5657600EF8405 /* banner_Current@3x.png in Resources */,
				631C28281ED55D3B00F31057 /* Main.storyboard in Resources */,
				63B633852005C3D800950DB4 /* video_list_cell_big_icon.png in Resources */,
				63A34CC8200DE5E100522115 /* iPhoneDefault.png in Resources */,
				63373C172004963900F0340C /* avdemo01.mp4 in Resources */,
				63A991A61F25C58B005333B7 /* placeholder@2x.png in Resources */,
				635E7F311EE5657600EF8405 /* banner_Normal@2x.png in Resources */,
				635E7F2F1EE5657600EF8405 /* banner_Current@2x.png in Resources */,
				63B7411D1ED6A1D200D9A282 /* pageControlCurrentDot@3x.png in Resources */,
				631FD8E61FEB51D400673F75 /* pageControlN@2x.png in Resources */,
				63B7411C1ED6A1D200D9A282 /* pageControlCurrentDot@2x.png in Resources */,
			);
			runOnlyForDeploymentPostprocessing = 0;
		};
/* End PBXResourcesBuildPhase section */

/* Begin PBXShellScriptBuildPhase section */
		4B9F942BA6A9DB8C98D7B555 /* [CP] Embed Pods Frameworks */ = {
			isa = PBXShellScriptBuildPhase;
			buildActionMask = 2147483647;
			files = (
			);
			inputPaths = (
			);
			name = "[CP] Embed Pods Frameworks";
			outputPaths = (
			);
			runOnlyForDeploymentPostprocessing = 0;
			shellPath = /bin/sh;
			shellScript = "\"${SRCROOT}/Pods/Target Support Files/Pods-YJBannerViewDemo/Pods-YJBannerViewDemo-frameworks.sh\"\n";
			showEnvVarsInLog = 0;
		};
		A677284EB908269119F9A43A /* [CP] Copy Pods Resources */ = {
			isa = PBXShellScriptBuildPhase;
			buildActionMask = 2147483647;
			files = (
			);
			inputPaths = (
			);
			name = "[CP] Copy Pods Resources";
			outputPaths = (
			);
			runOnlyForDeploymentPostprocessing = 0;
			shellPath = /bin/sh;
			shellScript = "\"${SRCROOT}/Pods/Target Support Files/Pods-YJBannerViewDemo/Pods-YJBannerViewDemo-resources.sh\"\n";
			showEnvVarsInLog = 0;
		};
		DD40E4DB53499FEADA776CBC /* [CP] Check Pods Manifest.lock */ = {
			isa = PBXShellScriptBuildPhase;
			buildActionMask = 2147483647;
			files = (
			);
			inputPaths = (
			);
			name = "[CP] Check Pods Manifest.lock";
			outputPaths = (
			);
			runOnlyForDeploymentPostprocessing = 0;
			shellPath = /bin/sh;
			shellScript = "diff \"${PODS_PODFILE_DIR_PATH}/Podfile.lock\" \"${PODS_ROOT}/Manifest.lock\" > /dev/null\nif [ $? != 0 ] ; then\n    # print error to STDERR\n    echo \"error: The sandbox is not in sync with the Podfile.lock. Run 'pod install' or update your CocoaPods installation.\" >&2\n    exit 1\nfi\n";
			showEnvVarsInLog = 0;
		};
/* End PBXShellScriptBuildPhase section */

/* Begin PBXSourcesBuildPhase section */
		6307D7331F0A389000CF1EAD /* Sources */ = {
			isa = PBXSourcesBuildPhase;
			buildActionMask = 2147483647;
			files = (
			);
			runOnlyForDeploymentPostprocessing = 0;
		};
		631C28161ED55D3B00F31057 /* Sources */ = {
			isa = PBXSourcesBuildPhase;
			buildActionMask = 2147483647;
			files = (
				638D31C41F7F6D870052566B /* NSArray+YJBannerView.m in Sources */,
				631C28221ED55D3B00F31057 /* AppDelegate.m in Sources */,
				638D31BF1F7F4C760052566B /* UIImage+YJBannerView.m in Sources */,
				63AA16B72010662A004BB8A3 /* YJAbstractDotView.m in Sources */,
				63CA833020087BF900E7CB36 /* UIImageView+YJBannerView.m in Sources */,
				63CA832D20087AF600E7CB36 /* YJCustomGapCell.m in Sources */,
				63AA16BC2010662A004BB8A3 /* UIView+YJBannerViewExt.m in Sources */,
				63AA16BF2010662A004BB8A3 /* YJBannerViewFooter.m in Sources */,
				63ADB84820045AC9008B02EB /* YJCustomView.m in Sources */,
				631C281F1ED55D3B00F31057 /* main.m in Sources */,
				63AA16B82010662A004BB8A3 /* YJAnimatedDotView.m in Sources */,
				63AA16BE2010662A004BB8A3 /* YJBannerViewCollectionView.m in Sources */,
				63A991AB1F25CB0B005333B7 /* HeadLinesCell.m in Sources */,
				63AA16BD2010662A004BB8A3 /* YJBannerViewCell.m in Sources */,
				631ECE431F28602100ED0D14 /* MainViewModel.m in Sources */,
				63AA16BA2010662A004BB8A3 /* YJHollowPageControl.m in Sources */,
				631ECE3D1F272DA600ED0D14 /* DetailViewController.m in Sources */,
				631C28361ED55E7500F31057 /* MainViewController.m in Sources */,
				63AA16C02010662A004BB8A3 /* YJBannerView.m in Sources */,
				637F33DD20046E4200DAEFE7 /* YJCustomViewB.m in Sources */,
				631DED321FB1B0EA00C22606 /* DynamicBgViewController.m in Sources */,
			);
			runOnlyForDeploymentPostprocessing = 0;
		};
/* End PBXSourcesBuildPhase section */

/* Begin PBXVariantGroup section */
		631C28261ED55D3B00F31057 /* Main.storyboard */ = {
			isa = PBXVariantGroup;
			children = (
				631C28271ED55D3B00F31057 /* Base */,
			);
			name = Main.storyboard;
			sourceTree = "<group>";
		};
		631C282B1ED55D3B00F31057 /* LaunchScreen.storyboard */ = {
			isa = PBXVariantGroup;
			children = (
				631C282C1ED55D3B00F31057 /* Base */,
			);
			name = LaunchScreen.storyboard;
			sourceTree = "<group>";
		};
/* End PBXVariantGroup section */

/* Begin XCBuildConfiguration section */
		6307D7411F0A389000CF1EAD /* Debug */ = {
			isa = XCBuildConfiguration;
			buildSettings = {
				CODE_SIGN_IDENTITY = "";
				CURRENT_PROJECT_VERSION = 1;
				DEFINES_MODULE = YES;
				DEVELOPMENT_TEAM = 33K3DU6932;
				DYLIB_COMPATIBILITY_VERSION = 1;
				DYLIB_CURRENT_VERSION = 1;
				DYLIB_INSTALL_NAME_BASE = "@rpath";
				INFOPLIST_FILE = YJBannerViewFramework/Info.plist;
				INSTALL_PATH = "$(LOCAL_LIBRARY_DIR)/Frameworks";
				IPHONEOS_DEPLOYMENT_TARGET = 8.0;
				LD_RUNPATH_SEARCH_PATHS = "$(inherited) @executable_path/Frameworks @loader_path/Frameworks";
				OTHER_CFLAGS = "-fembed-bitcode";
				OTHER_LDFLAGS = "-all_load";
				PRODUCT_BUNDLE_IDENTIFIER = com.houmanager.YJBannerViewFramework;
				PRODUCT_MODULE_NAME = YJBannerView;
				PRODUCT_NAME = YJBannerView;
				SKIP_INSTALL = YES;
				TARGETED_DEVICE_FAMILY = "1,2";
				VERSIONING_SYSTEM = "apple-generic";
				VERSION_INFO_PREFIX = "";
			};
			name = Debug;
		};
		6307D7421F0A389000CF1EAD /* Release */ = {
			isa = XCBuildConfiguration;
			buildSettings = {
				CODE_SIGN_IDENTITY = "";
				CURRENT_PROJECT_VERSION = 1;
				DEFINES_MODULE = YES;
				DEVELOPMENT_TEAM = 33K3DU6932;
				DYLIB_COMPATIBILITY_VERSION = 1;
				DYLIB_CURRENT_VERSION = 1;
				DYLIB_INSTALL_NAME_BASE = "@rpath";
				INFOPLIST_FILE = YJBannerViewFramework/Info.plist;
				INSTALL_PATH = "$(LOCAL_LIBRARY_DIR)/Frameworks";
				IPHONEOS_DEPLOYMENT_TARGET = 8.0;
				LD_RUNPATH_SEARCH_PATHS = "$(inherited) @executable_path/Frameworks @loader_path/Frameworks";
				OTHER_CFLAGS = "-fembed-bitcode";
				OTHER_LDFLAGS = "-all_load";
				PRODUCT_BUNDLE_IDENTIFIER = com.houmanager.YJBannerViewFramework;
				PRODUCT_MODULE_NAME = YJBannerView;
				PRODUCT_NAME = YJBannerView;
				SKIP_INSTALL = YES;
				TARGETED_DEVICE_FAMILY = "1,2";
				VERSIONING_SYSTEM = "apple-generic";
				VERSION_INFO_PREFIX = "";
			};
			name = Release;
		};
		631C282F1ED55D3B00F31057 /* Debug */ = {
			isa = XCBuildConfiguration;
			buildSettings = {
				ALWAYS_SEARCH_USER_PATHS = NO;
				CLANG_ANALYZER_NONNULL = YES;
				CLANG_ANALYZER_NUMBER_OBJECT_CONVERSION = YES_AGGRESSIVE;
				CLANG_CXX_LANGUAGE_STANDARD = "gnu++0x";
				CLANG_CXX_LIBRARY = "libc++";
				CLANG_ENABLE_MODULES = YES;
				CLANG_ENABLE_OBJC_ARC = YES;
				CLANG_WARN_BOOL_CONVERSION = YES;
				CLANG_WARN_CONSTANT_CONVERSION = YES;
				CLANG_WARN_DIRECT_OBJC_ISA_USAGE = YES_ERROR;
				CLANG_WARN_DOCUMENTATION_COMMENTS = YES;
				CLANG_WARN_EMPTY_BODY = YES;
				CLANG_WARN_ENUM_CONVERSION = YES;
				CLANG_WARN_INFINITE_RECURSION = YES;
				CLANG_WARN_INT_CONVERSION = YES;
				CLANG_WARN_OBJC_ROOT_CLASS = YES_ERROR;
				CLANG_WARN_SUSPICIOUS_MOVE = YES;
				CLANG_WARN_UNREACHABLE_CODE = YES;
				CLANG_WARN__DUPLICATE_METHOD_MATCH = YES;
				"CODE_SIGN_IDENTITY[sdk=iphoneos*]" = "iPhone Developer";
				COPY_PHASE_STRIP = NO;
				DEBUG_INFORMATION_FORMAT = dwarf;
				ENABLE_STRICT_OBJC_MSGSEND = YES;
				ENABLE_TESTABILITY = YES;
				GCC_C_LANGUAGE_STANDARD = gnu99;
				GCC_DYNAMIC_NO_PIC = NO;
				GCC_NO_COMMON_BLOCKS = YES;
				GCC_OPTIMIZATION_LEVEL = 0;
				GCC_PREPROCESSOR_DEFINITIONS = (
					"DEBUG=1",
					"$(inherited)",
				);
				GCC_WARN_64_TO_32_BIT_CONVERSION = YES;
				GCC_WARN_ABOUT_RETURN_TYPE = YES_ERROR;
				GCC_WARN_UNDECLARED_SELECTOR = YES;
				GCC_WARN_UNINITIALIZED_AUTOS = YES_AGGRESSIVE;
				GCC_WARN_UNUSED_FUNCTION = YES;
				GCC_WARN_UNUSED_VARIABLE = YES;
				IPHONEOS_DEPLOYMENT_TARGET = 10.3;
				MTL_ENABLE_DEBUG_INFO = YES;
				ONLY_ACTIVE_ARCH = YES;
				SDKROOT = iphoneos;
			};
			name = Debug;
		};
		631C28301ED55D3B00F31057 /* Release */ = {
			isa = XCBuildConfiguration;
			buildSettings = {
				ALWAYS_SEARCH_USER_PATHS = NO;
				CLANG_ANALYZER_NONNULL = YES;
				CLANG_ANALYZER_NUMBER_OBJECT_CONVERSION = YES_AGGRESSIVE;
				CLANG_CXX_LANGUAGE_STANDARD = "gnu++0x";
				CLANG_CXX_LIBRARY = "libc++";
				CLANG_ENABLE_MODULES = YES;
				CLANG_ENABLE_OBJC_ARC = YES;
				CLANG_WARN_BOOL_CONVERSION = YES;
				CLANG_WARN_CONSTANT_CONVERSION = YES;
				CLANG_WARN_DIRECT_OBJC_ISA_USAGE = YES_ERROR;
				CLANG_WARN_DOCUMENTATION_COMMENTS = YES;
				CLANG_WARN_EMPTY_BODY = YES;
				CLANG_WARN_ENUM_CONVERSION = YES;
				CLANG_WARN_INFINITE_RECURSION = YES;
				CLANG_WARN_INT_CONVERSION = YES;
				CLANG_WARN_OBJC_ROOT_CLASS = YES_ERROR;
				CLANG_WARN_SUSPICIOUS_MOVE = YES;
				CLANG_WARN_UNREACHABLE_CODE = YES;
				CLANG_WARN__DUPLICATE_METHOD_MATCH = YES;
				"CODE_SIGN_IDENTITY[sdk=iphoneos*]" = "iPhone Developer";
				COPY_PHASE_STRIP = NO;
				DEBUG_INFORMATION_FORMAT = "dwarf-with-dsym";
				ENABLE_NS_ASSERTIONS = NO;
				ENABLE_STRICT_OBJC_MSGSEND = YES;
				GCC_C_LANGUAGE_STANDARD = gnu99;
				GCC_NO_COMMON_BLOCKS = YES;
				GCC_WARN_64_TO_32_BIT_CONVERSION = YES;
				GCC_WARN_ABOUT_RETURN_TYPE = YES_ERROR;
				GCC_WARN_UNDECLARED_SELECTOR = YES;
				GCC_WARN_UNINITIALIZED_AUTOS = YES_AGGRESSIVE;
				GCC_WARN_UNUSED_FUNCTION = YES;
				GCC_WARN_UNUSED_VARIABLE = YES;
				IPHONEOS_DEPLOYMENT_TARGET = 10.3;
				MTL_ENABLE_DEBUG_INFO = NO;
				SDKROOT = iphoneos;
				VALIDATE_PRODUCT = YES;
			};
			name = Release;
		};
		631C28321ED55D3B00F31057 /* Debug */ = {
			isa = XCBuildConfiguration;
			baseConfigurationReference = 031719509DF64E8623B4EA8B /* Pods-YJBannerViewDemo.debug.xcconfig */;
			buildSettings = {
				ASSETCATALOG_COMPILER_APPICON_NAME = AppIcon;
				"CODE_SIGN_IDENTITY[sdk=iphoneos*]" = "iPhone Developer";
				DEVELOPMENT_TEAM = 33K3DU6932;
				GCC_PRECOMPILE_PREFIX_HEADER = YES;
				GCC_PREFIX_HEADER = YJBannerViewDemo/PrefixHeader.pch;
				INFOPLIST_FILE = YJBannerViewDemo/Info.plist;
				IPHONEOS_DEPLOYMENT_TARGET = 8.0;
				LD_RUNPATH_SEARCH_PATHS = "$(inherited) @executable_path/Frameworks";
				PRODUCT_BUNDLE_IDENTIFIER = com.houmanager.de;
				PRODUCT_NAME = "$(TARGET_NAME)";
				PROVISIONING_PROFILE_SPECIFIER = "";
			};
			name = Debug;
		};
		631C28331ED55D3B00F31057 /* Release */ = {
			isa = XCBuildConfiguration;
			baseConfigurationReference = 9D5E6C0798F81F51AC0244AA /* Pods-YJBannerViewDemo.release.xcconfig */;
			buildSettings = {
				ASSETCATALOG_COMPILER_APPICON_NAME = AppIcon;
				"CODE_SIGN_IDENTITY[sdk=iphoneos*]" = "iPhone Developer";
				DEVELOPMENT_TEAM = 33K3DU6932;
				GCC_PRECOMPILE_PREFIX_HEADER = YES;
				GCC_PREFIX_HEADER = YJBannerViewDemo/PrefixHeader.pch;
				INFOPLIST_FILE = YJBannerViewDemo/Info.plist;
				IPHONEOS_DEPLOYMENT_TARGET = 8.0;
				LD_RUNPATH_SEARCH_PATHS = "$(inherited) @executable_path/Frameworks";
				PRODUCT_BUNDLE_IDENTIFIER = com.houmanager.de;
				PRODUCT_NAME = "$(TARGET_NAME)";
				PROVISIONING_PROFILE_SPECIFIER = "";
			};
			name = Release;
		};
/* End XCBuildConfiguration section */

/* Begin XCConfigurationList section */
		6307D7431F0A389000CF1EAD /* Build configuration list for PBXNativeTarget "YJBannerViewFramework" */ = {
			isa = XCConfigurationList;
			buildConfigurations = (
				6307D7411F0A389000CF1EAD /* Debug */,
				6307D7421F0A389000CF1EAD /* Release */,
			);
			defaultConfigurationIsVisible = 0;
			defaultConfigurationName = Release;
		};
		631C28151ED55D3B00F31057 /* Build configuration list for PBXProject "YJBannerViewDemo" */ = {
			isa = XCConfigurationList;
			buildConfigurations = (
				631C282F1ED55D3B00F31057 /* Debug */,
				631C28301ED55D3B00F31057 /* Release */,
			);
			defaultConfigurationIsVisible = 0;
			defaultConfigurationName = Release;
		};
		631C28311ED55D3B00F31057 /* Build configuration list for PBXNativeTarget "YJBannerViewDemo" */ = {
			isa = XCConfigurationList;
			buildConfigurations = (
				631C28321ED55D3B00F31057 /* Debug */,
				631C28331ED55D3B00F31057 /* Release */,
			);
			defaultConfigurationIsVisible = 0;
			defaultConfigurationName = Release;
		};
/* End XCConfigurationList section */
	};
	rootObject = 631C28121ED55D3B00F31057 /* Project object */;
}
