// !$*UTF8*$!
{
	archiveVersion = 1;
	classes = {
	};
	objectVersion = 46;
	objects = {

/* Begin PBXBuildFile section */
		23FAAC23B313EE8EFABF932C /* libPods-YJBannerViewDemo.a in Frameworks */ = {isa = PBXBuildFile; fileRef = 96AA199FCEA414F0C96AB43E /* libPods-YJBannerViewDemo.a */; };
		6307D7451F0A38AB00CF1EAD /* YJBannerView.h in Headers */ = {isa = PBXBuildFile; fileRef = 631C28381ED55F8900F31057 /* YJBannerView.h */; settings = {ATTRIBUTES = (Public, ); }; };
		6307D7461F0A38C300CF1EAD /* YJHollowPageControl.m in Sources */ = {isa = PBXBuildFile; fileRef = 63B741221ED6C5F800D9A282 /* YJHollowPageControl.m */; };
		6307D7471F0A38C300CF1EAD /* YJAbstractDotView.m in Sources */ = {isa = PBXBuildFile; fileRef = 63B741251ED6CD3900D9A282 /* YJAbstractDotView.m */; };
		6307D7481F0A38C300CF1EAD /* YJAnimatedDotView.m in Sources */ = {isa = PBXBuildFile; fileRef = 63B741281ED6CDD100D9A282 /* YJAnimatedDotView.m */; };
		6307D7491F0A38C300CF1EAD /* YJDotView.m in Sources */ = {isa = PBXBuildFile; fileRef = 63B7412B1ED6CDF900D9A282 /* YJDotView.m */; };
		6307D74A1F0A38C300CF1EAD /* UIView+YJBannerViewExt.m in Sources */ = {isa = PBXBuildFile; fileRef = 631C28411ED57F5D00F31057 /* UIView+YJBannerViewExt.m */; };
		6307D74B1F0A38C300CF1EAD /* YJBannerViewCell.m in Sources */ = {isa = PBXBuildFile; fileRef = 631C283D1ED578CC00F31057 /* YJBannerViewCell.m */; };
		6307D74C1F0A38C300CF1EAD /* YJBannerView.m in Sources */ = {isa = PBXBuildFile; fileRef = 631C28391ED55F8900F31057 /* YJBannerView.m */; };
		630DFF591ED800B5002661A4 /* localImage01.jpeg in Resources */ = {isa = PBXBuildFile; fileRef = 630DFF581ED800B5002661A4 /* localImage01.jpeg */; };
		630DFF5B1ED81345002661A4 /* Effect.gif in Resources */ = {isa = PBXBuildFile; fileRef = 630DFF5A1ED81345002661A4 /* Effect.gif */; };
		631C281F1ED55D3B00F31057 /* main.m in Sources */ = {isa = PBXBuildFile; fileRef = 631C281E1ED55D3B00F31057 /* main.m */; };
		631C28221ED55D3B00F31057 /* AppDelegate.m in Sources */ = {isa = PBXBuildFile; fileRef = 631C28211ED55D3B00F31057 /* AppDelegate.m */; };
		631C28281ED55D3B00F31057 /* Main.storyboard in Resources */ = {isa = PBXBuildFile; fileRef = 631C28261ED55D3B00F31057 /* Main.storyboard */; };
		631C282A1ED55D3B00F31057 /* Assets.xcassets in Resources */ = {isa = PBXBuildFile; fileRef = 631C28291ED55D3B00F31057 /* Assets.xcassets */; };
		631C282D1ED55D3B00F31057 /* LaunchScreen.storyboard in Resources */ = {isa = PBXBuildFile; fileRef = 631C282B1ED55D3B00F31057 /* LaunchScreen.storyboard */; };
		631C28361ED55E7500F31057 /* MainViewController.m in Sources */ = {isa = PBXBuildFile; fileRef = 631C28351ED55E7500F31057 /* MainViewController.m */; };
		631C283A1ED55F8900F31057 /* YJBannerView.m in Sources */ = {isa = PBXBuildFile; fileRef = 631C28391ED55F8900F31057 /* YJBannerView.m */; };
		631C283E1ED578CC00F31057 /* YJBannerViewCell.m in Sources */ = {isa = PBXBuildFile; fileRef = 631C283D1ED578CC00F31057 /* YJBannerViewCell.m */; };
		631C28421ED57F5D00F31057 /* UIView+YJBannerViewExt.m in Sources */ = {isa = PBXBuildFile; fileRef = 631C28411ED57F5D00F31057 /* UIView+YJBannerViewExt.m */; };
		635E7F2F1EE5657600EF8405 /* banner_Current@2x.png in Resources */ = {isa = PBXBuildFile; fileRef = 635E7F2B1EE5657600EF8405 /* banner_Current@2x.png */; };
		635E7F301EE5657600EF8405 /* banner_Current@3x.png in Resources */ = {isa = PBXBuildFile; fileRef = 635E7F2C1EE5657600EF8405 /* banner_Current@3x.png */; };
		635E7F311EE5657600EF8405 /* banner_Normal@2x.png in Resources */ = {isa = PBXBuildFile; fileRef = 635E7F2D1EE5657600EF8405 /* banner_Normal@2x.png */; };
		635E7F321EE5657600EF8405 /* banner_Normal@3x.png in Resources */ = {isa = PBXBuildFile; fileRef = 635E7F2E1EE5657600EF8405 /* banner_Normal@3x.png */; };
		63B7411C1ED6A1D200D9A282 /* pageControlCurrentDot@2x.png in Resources */ = {isa = PBXBuildFile; fileRef = 63B741181ED6A1D200D9A282 /* pageControlCurrentDot@2x.png */; };
		63B7411D1ED6A1D200D9A282 /* pageControlCurrentDot@3x.png in Resources */ = {isa = PBXBuildFile; fileRef = 63B741191ED6A1D200D9A282 /* pageControlCurrentDot@3x.png */; };
		63B7411E1ED6A1D200D9A282 /* pageControlDot@2x.png in Resources */ = {isa = PBXBuildFile; fileRef = 63B7411A1ED6A1D200D9A282 /* pageControlDot@2x.png */; };
		63B7411F1ED6A1D200D9A282 /* pageControlDot@3x.png in Resources */ = {isa = PBXBuildFile; fileRef = 63B7411B1ED6A1D200D9A282 /* pageControlDot@3x.png */; };
		63B741231ED6C5F800D9A282 /* YJHollowPageControl.m in Sources */ = {isa = PBXBuildFile; fileRef = 63B741221ED6C5F800D9A282 /* YJHollowPageControl.m */; };
		63B741261ED6CD3900D9A282 /* YJAbstractDotView.m in Sources */ = {isa = PBXBuildFile; fileRef = 63B741251ED6CD3900D9A282 /* YJAbstractDotView.m */; };
		63B741291ED6CDD100D9A282 /* YJAnimatedDotView.m in Sources */ = {isa = PBXBuildFile; fileRef = 63B741281ED6CDD100D9A282 /* YJAnimatedDotView.m */; };
		63B7412C1ED6CDF900D9A282 /* YJDotView.m in Sources */ = {isa = PBXBuildFile; fileRef = 63B7412B1ED6CDF900D9A282 /* YJDotView.m */; };
/* End PBXBuildFile section */

/* Begin PBXFileReference section */
		031719509DF64E8623B4EA8B /* Pods-YJBannerViewDemo.debug.xcconfig */ = {isa = PBXFileReference; includeInIndex = 1; lastKnownFileType = text.xcconfig; name = "Pods-YJBannerViewDemo.debug.xcconfig"; path = "Pods/Target Support Files/Pods-YJBannerViewDemo/Pods-YJBannerViewDemo.debug.xcconfig"; sourceTree = "<group>"; };
		6307D7381F0A389000CF1EAD /* YJBannerView.framework */ = {isa = PBXFileReference; explicitFileType = wrapper.framework; includeInIndex = 0; path = YJBannerView.framework; sourceTree = BUILT_PRODUCTS_DIR; };
		6307D73A1F0A389000CF1EAD /* YJBannerViewFramework.h */ = {isa = PBXFileReference; lastKnownFileType = sourcecode.c.h; path = YJBannerViewFramework.h; sourceTree = "<group>"; };
		6307D73B1F0A389000CF1EAD /* Info.plist */ = {isa = PBXFileReference; lastKnownFileType = text.plist.xml; path = Info.plist; sourceTree = "<group>"; };
		630DFF581ED800B5002661A4 /* localImage01.jpeg */ = {isa = PBXFileReference; lastKnownFileType = image.jpeg; path = localImage01.jpeg; sourceTree = "<group>"; };
		630DFF5A1ED81345002661A4 /* Effect.gif */ = {isa = PBXFileReference; lastKnownFileType = image.gif; path = Effect.gif; sourceTree = "<group>"; };
		631C281A1ED55D3B00F31057 /* YJBannerViewDemo.app */ = {isa = PBXFileReference; explicitFileType = wrapper.application; includeInIndex = 0; path = YJBannerViewDemo.app; sourceTree = BUILT_PRODUCTS_DIR; };
		631C281E1ED55D3B00F31057 /* main.m */ = {isa = PBXFileReference; lastKnownFileType = sourcecode.c.objc; path = main.m; sourceTree = "<group>"; };
		631C28201ED55D3B00F31057 /* AppDelegate.h */ = {isa = PBXFileReference; lastKnownFileType = sourcecode.c.h; path = AppDelegate.h; sourceTree = "<group>"; };
		631C28211ED55D3B00F31057 /* AppDelegate.m */ = {isa = PBXFileReference; lastKnownFileType = sourcecode.c.objc; path = AppDelegate.m; sourceTree = "<group>"; };
		631C28271ED55D3B00F31057 /* Base */ = {isa = PBXFileReference; lastKnownFileType = file.storyboard; name = Base; path = Base.lproj/Main.storyboard; sourceTree = "<group>"; };
		631C28291ED55D3B00F31057 /* Assets.xcassets */ = {isa = PBXFileReference; lastKnownFileType = folder.assetcatalog; path = Assets.xcassets; sourceTree = "<group>"; };
		631C282C1ED55D3B00F31057 /* Base */ = {isa = PBXFileReference; lastKnownFileType = file.storyboard; name = Base; path = Base.lproj/LaunchScreen.storyboard; sourceTree = "<group>"; };
		631C282E1ED55D3B00F31057 /* Info.plist */ = {isa = PBXFileReference; lastKnownFileType = text.plist.xml; path = Info.plist; sourceTree = "<group>"; };
		631C28341ED55E7500F31057 /* MainViewController.h */ = {isa = PBXFileReference; fileEncoding = 4; lastKnownFileType = sourcecode.c.h; path = MainViewController.h; sourceTree = "<group>"; };
		631C28351ED55E7500F31057 /* MainViewController.m */ = {isa = PBXFileReference; fileEncoding = 4; lastKnownFileType = sourcecode.c.objc; path = MainViewController.m; sourceTree = "<group>"; };
		631C28381ED55F8900F31057 /* YJBannerView.h */ = {isa = PBXFileReference; fileEncoding = 4; lastKnownFileType = sourcecode.c.h; path = YJBannerView.h; sourceTree = "<group>"; };
		631C28391ED55F8900F31057 /* YJBannerView.m */ = {isa = PBXFileReference; fileEncoding = 4; lastKnownFileType = sourcecode.c.objc; path = YJBannerView.m; sourceTree = "<group>"; };
		631C283C1ED578CC00F31057 /* YJBannerViewCell.h */ = {isa = PBXFileReference; fileEncoding = 4; lastKnownFileType = sourcecode.c.h; path = YJBannerViewCell.h; sourceTree = "<group>"; };
		631C283D1ED578CC00F31057 /* YJBannerViewCell.m */ = {isa = PBXFileReference; fileEncoding = 4; lastKnownFileType = sourcecode.c.objc; path = YJBannerViewCell.m; sourceTree = "<group>"; };
		631C28401ED57F5D00F31057 /* UIView+YJBannerViewExt.h */ = {isa = PBXFileReference; fileEncoding = 4; lastKnownFileType = sourcecode.c.h; path = "UIView+YJBannerViewExt.h"; sourceTree = "<group>"; };
		631C28411ED57F5D00F31057 /* UIView+YJBannerViewExt.m */ = {isa = PBXFileReference; fileEncoding = 4; lastKnownFileType = sourcecode.c.objc; path = "UIView+YJBannerViewExt.m"; sourceTree = "<group>"; };
		631C28541ED5952800F31057 /* PrefixHeader.pch */ = {isa = PBXFileReference; fileEncoding = 4; lastKnownFileType = sourcecode.c.h; path = PrefixHeader.pch; sourceTree = "<group>"; };
		635E7F2B1EE5657600EF8405 /* banner_Current@2x.png */ = {isa = PBXFileReference; lastKnownFileType = image.png; path = "banner_Current@2x.png"; sourceTree = "<group>"; };
		635E7F2C1EE5657600EF8405 /* banner_Current@3x.png */ = {isa = PBXFileReference; lastKnownFileType = image.png; path = "banner_Current@3x.png"; sourceTree = "<group>"; };
		635E7F2D1EE5657600EF8405 /* banner_Normal@2x.png */ = {isa = PBXFileReference; lastKnownFileType = image.png; path = "banner_Normal@2x.png"; sourceTree = "<group>"; };
		635E7F2E1EE5657600EF8405 /* banner_Normal@3x.png */ = {isa = PBXFileReference; lastKnownFileType = image.png; path = "banner_Normal@3x.png"; sourceTree = "<group>"; };
		63B741181ED6A1D200D9A282 /* pageControlCurrentDot@2x.png */ = {isa = PBXFileReference; lastKnownFileType = image.png; path = "pageControlCurrentDot@2x.png"; sourceTree = "<group>"; };
		63B741191ED6A1D200D9A282 /* pageControlCurrentDot@3x.png */ = {isa = PBXFileReference; lastKnownFileType = image.png; path = "pageControlCurrentDot@3x.png"; sourceTree = "<group>"; };
		63B7411A1ED6A1D200D9A282 /* pageControlDot@2x.png */ = {isa = PBXFileReference; lastKnownFileType = image.png; path = "pageControlDot@2x.png"; sourceTree = "<group>"; };
		63B7411B1ED6A1D200D9A282 /* pageControlDot@3x.png */ = {isa = PBXFileReference; lastKnownFileType = image.png; path = "pageControlDot@3x.png"; sourceTree = "<group>"; };
		63B741211ED6C5F800D9A282 /* YJHollowPageControl.h */ = {isa = PBXFileReference; fileEncoding = 4; lastKnownFileType = sourcecode.c.h; path = YJHollowPageControl.h; sourceTree = "<group>"; };
		63B741221ED6C5F800D9A282 /* YJHollowPageControl.m */ = {isa = PBXFileReference; fileEncoding = 4; lastKnownFileType = sourcecode.c.objc; path = YJHollowPageControl.m; sourceTree = "<group>"; };
		63B741241ED6CD3900D9A282 /* YJAbstractDotView.h */ = {isa = PBXFileReference; fileEncoding = 4; lastKnownFileType = sourcecode.c.h; path = YJAbstractDotView.h; sourceTree = "<group>"; };
		63B741251ED6CD3900D9A282 /* YJAbstractDotView.m */ = {isa = PBXFileReference; fileEncoding = 4; lastKnownFileType = sourcecode.c.objc; path = YJAbstractDotView.m; sourceTree = "<group>"; };
		63B741271ED6CDD100D9A282 /* YJAnimatedDotView.h */ = {isa = PBXFileReference; fileEncoding = 4; lastKnownFileType = sourcecode.c.h; path = YJAnimatedDotView.h; sourceTree = "<group>"; };
		63B741281ED6CDD100D9A282 /* YJAnimatedDotView.m */ = {isa = PBXFileReference; fileEncoding = 4; lastKnownFileType = sourcecode.c.objc; path = YJAnimatedDotView.m; sourceTree = "<group>"; };
		63B7412A1ED6CDF900D9A282 /* YJDotView.h */ = {isa = PBXFileReference; fileEncoding = 4; lastKnownFileType = sourcecode.c.h; path = YJDotView.h; sourceTree = "<group>"; };
		63B7412B1ED6CDF900D9A282 /* YJDotView.m */ = {isa = PBXFileReference; fileEncoding = 4; lastKnownFileType = sourcecode.c.objc; path = YJDotView.m; sourceTree = "<group>"; };
		96AA199FCEA414F0C96AB43E /* libPods-YJBannerViewDemo.a */ = {isa = PBXFileReference; explicitFileType = archive.ar; includeInIndex = 0; path = "libPods-YJBannerViewDemo.a"; sourceTree = BUILT_PRODUCTS_DIR; };
		9D5E6C0798F81F51AC0244AA /* Pods-YJBannerViewDemo.release.xcconfig */ = {isa = PBXFileReference; includeInIndex = 1; lastKnownFileType = text.xcconfig; name = "Pods-YJBannerViewDemo.release.xcconfig"; path = "Pods/Target Support Files/Pods-YJBannerViewDemo/Pods-YJBannerViewDemo.release.xcconfig"; sourceTree = "<group>"; };
/* End PBXFileReference section */

/* Begin PBXFrameworksBuildPhase section */
		6307D7341F0A389000CF1EAD /* Frameworks */ = {
			isa = PBXFrameworksBuildPhase;
			buildActionMask = 2147483647;
			files = (
			);
			runOnlyForDeploymentPostprocessing = 0;
		};
		631C28171ED55D3B00F31057 /* Frameworks */ = {
			isa = PBXFrameworksBuildPhase;
			buildActionMask = 2147483647;
			files = (
				23FAAC23B313EE8EFABF932C /* libPods-YJBannerViewDemo.a in Frameworks */,
			);
			runOnlyForDeploymentPostprocessing = 0;
		};
/* End PBXFrameworksBuildPhase section */

/* Begin PBXGroup section */
		02AE8556712D82BC167622C4 /* Frameworks */ = {
			isa = PBXGroup;
			children = (
				96AA199FCEA414F0C96AB43E /* libPods-YJBannerViewDemo.a */,
			);
			name = Frameworks;
			sourceTree = "<group>";
		};
		6307D7391F0A389000CF1EAD /* YJBannerViewFramework */ = {
			isa = PBXGroup;
			children = (
				6307D73A1F0A389000CF1EAD /* YJBannerViewFramework.h */,
				6307D73B1F0A389000CF1EAD /* Info.plist */,
			);
			path = YJBannerViewFramework;
			sourceTree = "<group>";
		};
		631C28111ED55D3B00F31057 = {
			isa = PBXGroup;
			children = (
				631C28371ED55EA200F31057 /* YJBannerView */,
				631C281C1ED55D3B00F31057 /* YJBannerViewDemo */,
				6307D7391F0A389000CF1EAD /* YJBannerViewFramework */,
				631C281B1ED55D3B00F31057 /* Products */,
				6AC03DC18FC0A9FC3BFB5F02 /* Pods */,
				02AE8556712D82BC167622C4 /* Frameworks */,
			);
			sourceTree = "<group>";
		};
		631C281B1ED55D3B00F31057 /* Products */ = {
			isa = PBXGroup;
			children = (
				631C281A1ED55D3B00F31057 /* YJBannerViewDemo.app */,
				6307D7381F0A389000CF1EAD /* YJBannerView.framework */,
			);
			name = Products;
			sourceTree = "<group>";
		};
		631C281C1ED55D3B00F31057 /* YJBannerViewDemo */ = {
			isa = PBXGroup;
			children = (
				631C28511ED5947600F31057 /* Resources */,
				631C28201ED55D3B00F31057 /* AppDelegate.h */,
				631C28211ED55D3B00F31057 /* AppDelegate.m */,
				631C28341ED55E7500F31057 /* MainViewController.h */,
				631C28351ED55E7500F31057 /* MainViewController.m */,
				631C281D1ED55D3B00F31057 /* Supporting Files */,
			);
			path = YJBannerViewDemo;
			sourceTree = "<group>";
		};
		631C281D1ED55D3B00F31057 /* Supporting Files */ = {
			isa = PBXGroup;
			children = (
				631C28261ED55D3B00F31057 /* Main.storyboard */,
				631C28291ED55D3B00F31057 /* Assets.xcassets */,
				631C282B1ED55D3B00F31057 /* LaunchScreen.storyboard */,
				631C282E1ED55D3B00F31057 /* Info.plist */,
				631C281E1ED55D3B00F31057 /* main.m */,
				631C28541ED5952800F31057 /* PrefixHeader.pch */,
			);
			name = "Supporting Files";
			sourceTree = "<group>";
		};
		631C28371ED55EA200F31057 /* YJBannerView */ = {
			isa = PBXGroup;
			children = (
				631C28431ED5830300F31057 /* PageControls */,
				631C283F1ED57F2100F31057 /* Tools */,
				631C283B1ED578AC00F31057 /* Views */,
				631C28381ED55F8900F31057 /* YJBannerView.h */,
				631C28391ED55F8900F31057 /* YJBannerView.m */,
			);
			path = YJBannerView;
			sourceTree = "<group>";
		};
		631C283B1ED578AC00F31057 /* Views */ = {
			isa = PBXGroup;
			children = (
				631C283C1ED578CC00F31057 /* YJBannerViewCell.h */,
				631C283D1ED578CC00F31057 /* YJBannerViewCell.m */,
			);
			path = Views;
			sourceTree = "<group>";
		};
		631C283F1ED57F2100F31057 /* Tools */ = {
			isa = PBXGroup;
			children = (
				631C28401ED57F5D00F31057 /* UIView+YJBannerViewExt.h */,
				631C28411ED57F5D00F31057 /* UIView+YJBannerViewExt.m */,
			);
			path = Tools;
			sourceTree = "<group>";
		};
		631C28431ED5830300F31057 /* PageControls */ = {
			isa = PBXGroup;
			children = (
				63B741201ED6C5CA00D9A282 /* YJHollowPageControl */,
			);
			path = PageControls;
			sourceTree = "<group>";
		};
		631C28511ED5947600F31057 /* Resources */ = {
			isa = PBXGroup;
			children = (
				635E7F2B1EE5657600EF8405 /* banner_Current@2x.png */,
				635E7F2C1EE5657600EF8405 /* banner_Current@3x.png */,
				635E7F2D1EE5657600EF8405 /* banner_Normal@2x.png */,
				635E7F2E1EE5657600EF8405 /* banner_Normal@3x.png */,
				630DFF5A1ED81345002661A4 /* Effect.gif */,
				630DFF581ED800B5002661A4 /* localImage01.jpeg */,
				63B741181ED6A1D200D9A282 /* pageControlCurrentDot@2x.png */,
				63B741191ED6A1D200D9A282 /* pageControlCurrentDot@3x.png */,
				63B7411A1ED6A1D200D9A282 /* pageControlDot@2x.png */,
				63B7411B1ED6A1D200D9A282 /* pageControlDot@3x.png */,
			);
			path = Resources;
			sourceTree = "<group>";
		};
		63B741201ED6C5CA00D9A282 /* YJHollowPageControl */ = {
			isa = PBXGroup;
			children = (
				63B741211ED6C5F800D9A282 /* YJHollowPageControl.h */,
				63B741221ED6C5F800D9A282 /* YJHollowPageControl.m */,
				63B741241ED6CD3900D9A282 /* YJAbstractDotView.h */,
				63B741251ED6CD3900D9A282 /* YJAbstractDotView.m */,
				63B741271ED6CDD100D9A282 /* YJAnimatedDotView.h */,
				63B741281ED6CDD100D9A282 /* YJAnimatedDotView.m */,
				63B7412A1ED6CDF900D9A282 /* YJDotView.h */,
				63B7412B1ED6CDF900D9A282 /* YJDotView.m */,
			);
			path = YJHollowPageControl;
			sourceTree = "<group>";
		};
		6AC03DC18FC0A9FC3BFB5F02 /* Pods */ = {
			isa = PBXGroup;
			children = (
				031719509DF64E8623B4EA8B /* Pods-YJBannerViewDemo.debug.xcconfig */,
				9D5E6C0798F81F51AC0244AA /* Pods-YJBannerViewDemo.release.xcconfig */,
			);
			name = Pods;
			sourceTree = "<group>";
		};
/* End PBXGroup section */

/* Begin PBXHeadersBuildPhase section */
		6307D7351F0A389000CF1EAD /* Headers */ = {
			isa = PBXHeadersBuildPhase;
			buildActionMask = 2147483647;
			files = (
				6307D7451F0A38AB00CF1EAD /* YJBannerView.h in Headers */,
			);
			runOnlyForDeploymentPostprocessing = 0;
		};
/* End PBXHeadersBuildPhase section */

/* Begin PBXNativeTarget section */
		6307D7371F0A389000CF1EAD /* YJBannerViewFramework */ = {
			isa = PBXNativeTarget;
			buildConfigurationList = 6307D7431F0A389000CF1EAD /* Build configuration list for PBXNativeTarget "YJBannerViewFramework" */;
			buildPhases = (
				6307D7331F0A389000CF1EAD /* Sources */,
				6307D7341F0A389000CF1EAD /* Frameworks */,
				6307D7351F0A389000CF1EAD /* Headers */,
				6307D7361F0A389000CF1EAD /* Resources */,
			);
			buildRules = (
			);
			dependencies = (
			);
			name = YJBannerViewFramework;
			productName = YJBannerViewFramework;
			productReference = 6307D7381F0A389000CF1EAD /* YJBannerView.framework */;
			productType = "com.apple.product-type.framework";
		};
		631C28191ED55D3B00F31057 /* YJBannerViewDemo */ = {
			isa = PBXNativeTarget;
			buildConfigurationList = 631C28311ED55D3B00F31057 /* Build configuration list for PBXNativeTarget "YJBannerViewDemo" */;
			buildPhases = (
				DD40E4DB53499FEADA776CBC /* [CP] Check Pods Manifest.lock */,
				631C28161ED55D3B00F31057 /* Sources */,
				631C28171ED55D3B00F31057 /* Frameworks */,
				631C28181ED55D3B00F31057 /* Resources */,
				4B9F942BA6A9DB8C98D7B555 /* [CP] Embed Pods Frameworks */,
				A677284EB908269119F9A43A /* [CP] Copy Pods Resources */,
			);
			buildRules = (
			);
			dependencies = (
			);
			name = YJBannerViewDemo;
			productName = YJBannerViewDemo;
			productReference = 631C281A1ED55D3B00F31057 /* YJBannerViewDemo.app */;
			productType = "com.apple.product-type.application";
		};
/* End PBXNativeTarget section */

/* Begin PBXProject section */
		631C28121ED55D3B00F31057 /* Project object */ = {
			isa = PBXProject;
			attributes = {
				LastUpgradeCheck = 0830;
				ORGANIZATIONNAME = "地址:https://github.com/YJManager/YJBannerViewOC .";
				TargetAttributes = {
					6307D7371F0A389000CF1EAD = {
						CreatedOnToolsVersion = 8.3.3;
						DevelopmentTeam = 33K3DU6932;
						ProvisioningStyle = Automatic;
					};
					631C28191ED55D3B00F31057 = {
						CreatedOnToolsVersion = 8.3.1;
						DevelopmentTeam = 33K3DU6932;
						ProvisioningStyle = Automatic;
					};
				};
			};
			buildConfigurationList = 631C28151ED55D3B00F31057 /* Build configuration list for PBXProject "YJBannerViewDemo" */;
			compatibilityVersion = "Xcode 3.2";
			developmentRegion = English;
			hasScannedForEncodings = 0;
			knownRegions = (
				en,
				Base,
			);
			mainGroup = 631C28111ED55D3B00F31057;
			productRefGroup = 631C281B1ED55D3B00F31057 /* Products */;
			projectDirPath = "";
			projectRoot = "";
			targets = (
				631C28191ED55D3B00F31057 /* YJBannerViewDemo */,
				6307D7371F0A389000CF1EAD /* YJBannerViewFramework */,
			);
		};
/* End PBXProject section */

/* Begin PBXResourcesBuildPhase section */
		6307D7361F0A389000CF1EAD /* Resources */ = {
			isa = PBXResourcesBuildPhase;
			buildActionMask = 2147483647;
			files = (
			);
			runOnlyForDeploymentPostprocessing = 0;
		};
		631C28181ED55D3B00F31057 /* Resources */ = {
			isa = PBXResourcesBuildPhase;
			buildActionMask = 2147483647;
			files = (
				63B7411F1ED6A1D200D9A282 /* pageControlDot@3x.png in Resources */,
				63B7411E1ED6A1D200D9A282 /* pageControlDot@2x.png in Resources */,
				631C282D1ED55D3B00F31057 /* LaunchScreen.storyboard in Resources */,
				630DFF5B1ED81345002661A4 /* Effect.gif in Resources */,
				631C282A1ED55D3B00F31057 /* Assets.xcassets in Resources */,
				635E7F321EE5657600EF8405 /* banner_Normal@3x.png in Resources */,
				635E7F301EE5657600EF8405 /* banner_Current@3x.png in Resources */,
				631C28281ED55D3B00F31057 /* Main.storyboard in Resources */,
				635E7F311EE5657600EF8405 /* banner_Normal@2x.png in Resources */,
				635E7F2F1EE5657600EF8405 /* banner_Current@2x.png in Resources */,
				63B7411D1ED6A1D200D9A282 /* pageControlCurrentDot@3x.png in Resources */,
				63B7411C1ED6A1D200D9A282 /* pageControlCurrentDot@2x.png in Resources */,
				630DFF591ED800B5002661A4 /* localImage01.jpeg in Resources */,
			);
			runOnlyForDeploymentPostprocessing = 0;
		};
/* End PBXResourcesBuildPhase section */

/* Begin PBXShellScriptBuildPhase section */
		4B9F942BA6A9DB8C98D7B555 /* [CP] Embed Pods Frameworks */ = {
			isa = PBXShellScriptBuildPhase;
			buildActionMask = 2147483647;
			files = (
			);
			inputPaths = (
			);
			name = "[CP] Embed Pods Frameworks";
			outputPaths = (
			);
			runOnlyForDeploymentPostprocessing = 0;
			shellPath = /bin/sh;
			shellScript = "\"${SRCROOT}/Pods/Target Support Files/Pods-YJBannerViewDemo/Pods-YJBannerViewDemo-frameworks.sh\"\n";
			showEnvVarsInLog = 0;
		};
		A677284EB908269119F9A43A /* [CP] Copy Pods Resources */ = {
			isa = PBXShellScriptBuildPhase;
			buildActionMask = 2147483647;
			files = (
			);
			inputPaths = (
			);
			name = "[CP] Copy Pods Resources";
			outputPaths = (
			);
			runOnlyForDeploymentPostprocessing = 0;
			shellPath = /bin/sh;
			shellScript = "\"${SRCROOT}/Pods/Target Support Files/Pods-YJBannerViewDemo/Pods-YJBannerViewDemo-resources.sh\"\n";
			showEnvVarsInLog = 0;
		};
		DD40E4DB53499FEADA776CBC /* [CP] Check Pods Manifest.lock */ = {
			isa = PBXShellScriptBuildPhase;
			buildActionMask = 2147483647;
			files = (
			);
			inputPaths = (
			);
			name = "[CP] Check Pods Manifest.lock";
			outputPaths = (
			);
			runOnlyForDeploymentPostprocessing = 0;
			shellPath = /bin/sh;
			shellScript = "diff \"${PODS_PODFILE_DIR_PATH}/Podfile.lock\" \"${PODS_ROOT}/Manifest.lock\" > /dev/null\nif [ $? != 0 ] ; then\n    # print error to STDERR\n    echo \"error: The sandbox is not in sync with the Podfile.lock. Run 'pod install' or update your CocoaPods installation.\" >&2\n    exit 1\nfi\n";
			showEnvVarsInLog = 0;
		};
/* End PBXShellScriptBuildPhase section */

/* Begin PBXSourcesBuildPhase section */
		6307D7331F0A389000CF1EAD /* Sources */ = {
			isa = PBXSourcesBuildPhase;
			buildActionMask = 2147483647;
			files = (
				6307D7461F0A38C300CF1EAD /* YJHollowPageControl.m in Sources */,
				6307D7471F0A38C300CF1EAD /* YJAbstractDotView.m in Sources */,
				6307D7481F0A38C300CF1EAD /* YJAnimatedDotView.m in Sources */,
				6307D7491F0A38C300CF1EAD /* YJDotView.m in Sources */,
				6307D74A1F0A38C300CF1EAD /* UIView+YJBannerViewExt.m in Sources */,
				6307D74B1F0A38C300CF1EAD /* YJBannerViewCell.m in Sources */,
				6307D74C1F0A38C300CF1EAD /* YJBannerView.m in Sources */,
			);
			runOnlyForDeploymentPostprocessing = 0;
		};
		631C28161ED55D3B00F31057 /* Sources */ = {
			isa = PBXSourcesBuildPhase;
			buildActionMask = 2147483647;
			files = (
				631C28421ED57F5D00F31057 /* UIView+YJBannerViewExt.m in Sources */,
				631C28221ED55D3B00F31057 /* AppDelegate.m in Sources */,
				63B741291ED6CDD100D9A282 /* YJAnimatedDotView.m in Sources */,
				631C283A1ED55F8900F31057 /* YJBannerView.m in Sources */,
				631C281F1ED55D3B00F31057 /* main.m in Sources */,
				63B741231ED6C5F800D9A282 /* YJHollowPageControl.m in Sources */,
				63B741261ED6CD3900D9A282 /* YJAbstractDotView.m in Sources */,
				631C283E1ED578CC00F31057 /* YJBannerViewCell.m in Sources */,
				631C28361ED55E7500F31057 /* MainViewController.m in Sources */,
				63B7412C1ED6CDF900D9A282 /* YJDotView.m in Sources */,
			);
			runOnlyForDeploymentPostprocessing = 0;
		};
/* End PBXSourcesBuildPhase section */

/* Begin PBXVariantGroup section */
		631C28261ED55D3B00F31057 /* Main.storyboard */ = {
			isa = PBXVariantGroup;
			children = (
				631C28271ED55D3B00F31057 /* Base */,
			);
			name = Main.storyboard;
			sourceTree = "<group>";
		};
		631C282B1ED55D3B00F31057 /* LaunchScreen.storyboard */ = {
			isa = PBXVariantGroup;
			children = (
				631C282C1ED55D3B00F31057 /* Base */,
			);
			name = LaunchScreen.storyboard;
			sourceTree = "<group>";
		};
/* End PBXVariantGroup section */

/* Begin XCBuildConfiguration section */
		6307D7411F0A389000CF1EAD /* Debug */ = {
			isa = XCBuildConfiguration;
			buildSettings = {
				CODE_SIGN_IDENTITY = "";
				CURRENT_PROJECT_VERSION = 1;
				DEFINES_MODULE = YES;
				DEVELOPMENT_TEAM = 33K3DU6932;
				DYLIB_COMPATIBILITY_VERSION = 1;
				DYLIB_CURRENT_VERSION = 1;
				DYLIB_INSTALL_NAME_BASE = "@rpath";
				INFOPLIST_FILE = YJBannerViewFramework/Info.plist;
				INSTALL_PATH = "$(LOCAL_LIBRARY_DIR)/Frameworks";
				IPHONEOS_DEPLOYMENT_TARGET = 8.0;
				LD_RUNPATH_SEARCH_PATHS = "$(inherited) @executable_path/Frameworks @loader_path/Frameworks";
				OTHER_CFLAGS = "-fembed-bitcode";
				OTHER_LDFLAGS = "-all_load";
				PRODUCT_BUNDLE_IDENTIFIER = com.houmanager.YJBannerViewFramework;
				PRODUCT_MODULE_NAME = YJBannerView;
				PRODUCT_NAME = YJBannerView;
				SKIP_INSTALL = YES;
				TARGETED_DEVICE_FAMILY = "1,2";
				VERSIONING_SYSTEM = "apple-generic";
				VERSION_INFO_PREFIX = "";
			};
			name = Debug;
		};
		6307D7421F0A389000CF1EAD /* Release */ = {
			isa = XCBuildConfiguration;
			buildSettings = {
				CODE_SIGN_IDENTITY = "";
				CURRENT_PROJECT_VERSION = 1;
				DEFINES_MODULE = YES;
				DEVELOPMENT_TEAM = 33K3DU6932;
				DYLIB_COMPATIBILITY_VERSION = 1;
				DYLIB_CURRENT_VERSION = 1;
				DYLIB_INSTALL_NAME_BASE = "@rpath";
				INFOPLIST_FILE = YJBannerViewFramework/Info.plist;
				INSTALL_PATH = "$(LOCAL_LIBRARY_DIR)/Frameworks";
				IPHONEOS_DEPLOYMENT_TARGET = 8.0;
				LD_RUNPATH_SEARCH_PATHS = "$(inherited) @executable_path/Frameworks @loader_path/Frameworks";
				OTHER_CFLAGS = "-fembed-bitcode";
				OTHER_LDFLAGS = "-all_load";
				PRODUCT_BUNDLE_IDENTIFIER = com.houmanager.YJBannerViewFramework;
				PRODUCT_MODULE_NAME = YJBannerView;
				PRODUCT_NAME = YJBannerView;
				SKIP_INSTALL = YES;
				TARGETED_DEVICE_FAMILY = "1,2";
				VERSIONING_SYSTEM = "apple-generic";
				VERSION_INFO_PREFIX = "";
			};
			name = Release;
		};
		631C282F1ED55D3B00F31057 /* Debug */ = {
			isa = XCBuildConfiguration;
			buildSettings = {
				ALWAYS_SEARCH_USER_PATHS = NO;
				CLANG_ANALYZER_NONNULL = YES;
				CLANG_ANALYZER_NUMBER_OBJECT_CONVERSION = YES_AGGRESSIVE;
				CLANG_CXX_LANGUAGE_STANDARD = "gnu++0x";
				CLANG_CXX_LIBRARY = "libc++";
				CLANG_ENABLE_MODULES = YES;
				CLANG_ENABLE_OBJC_ARC = YES;
				CLANG_WARN_BOOL_CONVERSION = YES;
				CLANG_WARN_CONSTANT_CONVERSION = YES;
				CLANG_WARN_DIRECT_OBJC_ISA_USAGE = YES_ERROR;
				CLANG_WARN_DOCUMENTATION_COMMENTS = YES;
				CLANG_WARN_EMPTY_BODY = YES;
				CLANG_WARN_ENUM_CONVERSION = YES;
				CLANG_WARN_INFINITE_RECURSION = YES;
				CLANG_WARN_INT_CONVERSION = YES;
				CLANG_WARN_OBJC_ROOT_CLASS = YES_ERROR;
				CLANG_WARN_SUSPICIOUS_MOVE = YES;
				CLANG_WARN_UNREACHABLE_CODE = YES;
				CLANG_WARN__DUPLICATE_METHOD_MATCH = YES;
				"CODE_SIGN_IDENTITY[sdk=iphoneos*]" = "iPhone Developer";
				COPY_PHASE_STRIP = NO;
				DEBUG_INFORMATION_FORMAT = dwarf;
				ENABLE_STRICT_OBJC_MSGSEND = YES;
				ENABLE_TESTABILITY = YES;
				GCC_C_LANGUAGE_STANDARD = gnu99;
				GCC_DYNAMIC_NO_PIC = NO;
				GCC_NO_COMMON_BLOCKS = YES;
				GCC_OPTIMIZATION_LEVEL = 0;
				GCC_PREPROCESSOR_DEFINITIONS = (
					"DEBUG=1",
					"$(inherited)",
				);
				GCC_WARN_64_TO_32_BIT_CONVERSION = YES;
				GCC_WARN_ABOUT_RETURN_TYPE = YES_ERROR;
				GCC_WARN_UNDECLARED_SELECTOR = YES;
				GCC_WARN_UNINITIALIZED_AUTOS = YES_AGGRESSIVE;
				GCC_WARN_UNUSED_FUNCTION = YES;
				GCC_WARN_UNUSED_VARIABLE = YES;
				IPHONEOS_DEPLOYMENT_TARGET = 10.3;
				MTL_ENABLE_DEBUG_INFO = YES;
				ONLY_ACTIVE_ARCH = YES;
				SDKROOT = iphoneos;
			};
			name = Debug;
		};
		631C28301ED55D3B00F31057 /* Release */ = {
			isa = XCBuildConfiguration;
			buildSettings = {
				ALWAYS_SEARCH_USER_PATHS = NO;
				CLANG_ANALYZER_NONNULL = YES;
				CLANG_ANALYZER_NUMBER_OBJECT_CONVERSION = YES_AGGRESSIVE;
				CLANG_CXX_LANGUAGE_STANDARD = "gnu++0x";
				CLANG_CXX_LIBRARY = "libc++";
				CLANG_ENABLE_MODULES = YES;
				CLANG_ENABLE_OBJC_ARC = YES;
				CLANG_WARN_BOOL_CONVERSION = YES;
				CLANG_WARN_CONSTANT_CONVERSION = YES;
				CLANG_WARN_DIRECT_OBJC_ISA_USAGE = YES_ERROR;
				CLANG_WARN_DOCUMENTATION_COMMENTS = YES;
				CLANG_WARN_EMPTY_BODY = YES;
				CLANG_WARN_ENUM_CONVERSION = YES;
				CLANG_WARN_INFINITE_RECURSION = YES;
				CLANG_WARN_INT_CONVERSION = YES;
				CLANG_WARN_OBJC_ROOT_CLASS = YES_ERROR;
				CLANG_WARN_SUSPICIOUS_MOVE = YES;
				CLANG_WARN_UNREACHABLE_CODE = YES;
				CLANG_WARN__DUPLICATE_METHOD_MATCH = YES;
				"CODE_SIGN_IDENTITY[sdk=iphoneos*]" = "iPhone Developer";
				COPY_PHASE_STRIP = NO;
				DEBUG_INFORMATION_FORMAT = "dwarf-with-dsym";
				ENABLE_NS_ASSERTIONS = NO;
				ENABLE_STRICT_OBJC_MSGSEND = YES;
				GCC_C_LANGUAGE_STANDARD = gnu99;
				GCC_NO_COMMON_BLOCKS = YES;
				GCC_WARN_64_TO_32_BIT_CONVERSION = YES;
				GCC_WARN_ABOUT_RETURN_TYPE = YES_ERROR;
				GCC_WARN_UNDECLARED_SELECTOR = YES;
				GCC_WARN_UNINITIALIZED_AUTOS = YES_AGGRESSIVE;
				GCC_WARN_UNUSED_FUNCTION = YES;
				GCC_WARN_UNUSED_VARIABLE = YES;
				IPHONEOS_DEPLOYMENT_TARGET = 10.3;
				MTL_ENABLE_DEBUG_INFO = NO;
				SDKROOT = iphoneos;
				VALIDATE_PRODUCT = YES;
			};
			name = Release;
		};
		631C28321ED55D3B00F31057 /* Debug */ = {
			isa = XCBuildConfiguration;
			baseConfigurationReference = 031719509DF64E8623B4EA8B /* Pods-YJBannerViewDemo.debug.xcconfig */;
			buildSettings = {
				ASSETCATALOG_COMPILER_APPICON_NAME = AppIcon;
				"CODE_SIGN_IDENTITY[sdk=iphoneos*]" = "iPhone Developer";
				DEVELOPMENT_TEAM = 33K3DU6932;
				GCC_PRECOMPILE_PREFIX_HEADER = YES;
				GCC_PREFIX_HEADER = YJBannerViewDemo/PrefixHeader.pch;
				INFOPLIST_FILE = YJBannerViewDemo/Info.plist;
				IPHONEOS_DEPLOYMENT_TARGET = 8.0;
				LD_RUNPATH_SEARCH_PATHS = "$(inherited) @executable_path/Frameworks";
				PRODUCT_BUNDLE_IDENTIFIER = com.houmanager.de;
				PRODUCT_NAME = "$(TARGET_NAME)";
				PROVISIONING_PROFILE_SPECIFIER = "";
			};
			name = Debug;
		};
		631C28331ED55D3B00F31057 /* Release */ = {
			isa = XCBuildConfiguration;
			baseConfigurationReference = 9D5E6C0798F81F51AC0244AA /* Pods-YJBannerViewDemo.release.xcconfig */;
			buildSettings = {
				ASSETCATALOG_COMPILER_APPICON_NAME = AppIcon;
				"CODE_SIGN_IDENTITY[sdk=iphoneos*]" = "iPhone Developer";
				DEVELOPMENT_TEAM = 33K3DU6932;
				GCC_PRECOMPILE_PREFIX_HEADER = YES;
				GCC_PREFIX_HEADER = YJBannerViewDemo/PrefixHeader.pch;
				INFOPLIST_FILE = YJBannerViewDemo/Info.plist;
				IPHONEOS_DEPLOYMENT_TARGET = 8.0;
				LD_RUNPATH_SEARCH_PATHS = "$(inherited) @executable_path/Frameworks";
				PRODUCT_BUNDLE_IDENTIFIER = com.houmanager.de;
				PRODUCT_NAME = "$(TARGET_NAME)";
				PROVISIONING_PROFILE_SPECIFIER = "";
			};
			name = Release;
		};
/* End XCBuildConfiguration section */

/* Begin XCConfigurationList section */
		6307D7431F0A389000CF1EAD /* Build configuration list for PBXNativeTarget "YJBannerViewFramework" */ = {
			isa = XCConfigurationList;
			buildConfigurations = (
				6307D7411F0A389000CF1EAD /* Debug */,
				6307D7421F0A389000CF1EAD /* Release */,
			);
			defaultConfigurationIsVisible = 0;
		};
		631C28151ED55D3B00F31057 /* Build configuration list for PBXProject "YJBannerViewDemo" */ = {
			isa = XCConfigurationList;
			buildConfigurations = (
				631C282F1ED55D3B00F31057 /* Debug */,
				631C28301ED55D3B00F31057 /* Release */,
			);
			defaultConfigurationIsVisible = 0;
			defaultConfigurationName = Release;
		};
		631C28311ED55D3B00F31057 /* Build configuration list for PBXNativeTarget "YJBannerViewDemo" */ = {
			isa = XCConfigurationList;
			buildConfigurations = (
				631C28321ED55D3B00F31057 /* Debug */,
				631C28331ED55D3B00F31057 /* Release */,
			);
			defaultConfigurationIsVisible = 0;
			defaultConfigurationName = Release;
		};
/* End XCConfigurationList section */
	};
	rootObject = 631C28121ED55D3B00F31057 /* Project object */;
}
